// !$*UTF8*$!
{
	archiveVersion = 1;
	classes = {
	};
	objectVersion = 46;
	objects = {

/* Begin PBXBuildFile section */
		E32681781E037C2500909155 /* AppDelegate.swift in Sources */ = {isa = PBXBuildFile; fileRef = E32681771E037C2500909155 /* AppDelegate.swift */; };
		E326817A1E037C2500909155 /* ViewController.swift in Sources */ = {isa = PBXBuildFile; fileRef = E32681791E037C2500909155 /* ViewController.swift */; };
		E326817D1E037C2600909155 /* Main.storyboard in Resources */ = {isa = PBXBuildFile; fileRef = E326817B1E037C2600909155 /* Main.storyboard */; };
		E32681801E037C2600909155 /* TicTacToe.xcdatamodeld in Sources */ = {isa = PBXBuildFile; fileRef = E326817E1E037C2600909155 /* TicTacToe.xcdatamodeld */; };
		E32681821E037C2600909155 /* Assets.xcassets in Resources */ = {isa = PBXBuildFile; fileRef = E32681811E037C2600909155 /* Assets.xcassets */; };
		E32681851E037C2600909155 /* LaunchScreen.storyboard in Resources */ = {isa = PBXBuildFile; fileRef = E32681831E037C2600909155 /* LaunchScreen.storyboard */; };
		E326818D1E037CC500909155 /* board.png in Resources */ = {isa = PBXBuildFile; fileRef = E326818C1E037CC500909155 /* board.png */; };
		E326818F1E037CDF00909155 /* cross.png in Resources */ = {isa = PBXBuildFile; fileRef = E326818E1E037CDF00909155 /* cross.png */; };
		E32681911E037CE900909155 /* nought.png in Resources */ = {isa = PBXBuildFile; fileRef = E32681901E037CE900909155 /* nought.png */; };
/* End PBXBuildFile section */

/* Begin PBXFileReference section */
		E32681741E037C2500909155 /* TicTacToe.app */ = {isa = PBXFileReference; explicitFileType = wrapper.application; includeInIndex = 0; path = TicTacToe.app; sourceTree = BUILT_PRODUCTS_DIR; };
		E32681771E037C2500909155 /* AppDelegate.swift */ = {isa = PBXFileReference; lastKnownFileType = sourcecode.swift; path = AppDelegate.swift; sourceTree = "<group>"; };
		E32681791E037C2500909155 /* ViewController.swift */ = {isa = PBXFileReference; lastKnownFileType = sourcecode.swift; path = ViewController.swift; sourceTree = "<group>"; };
		E326817C1E037C2600909155 /* Base */ = {isa = PBXFileReference; lastKnownFileType = file.storyboard; name = Base; path = Base.lproj/Main.storyboard; sourceTree = "<group>"; };
		E326817F1E037C2600909155 /* TicTacToe.xcdatamodel */ = {isa = PBXFileReference; lastKnownFileType = wrapper.xcdatamodel; path = TicTacToe.xcdatamodel; sourceTree = "<group>"; };
		E32681811E037C2600909155 /* Assets.xcassets */ = {isa = PBXFileReference; lastKnownFileType = folder.assetcatalog; path = Assets.xcassets; sourceTree = "<group>"; };
		E32681841E037C2600909155 /* Base */ = {isa = PBXFileReference; lastKnownFileType = file.storyboard; name = Base; path = Base.lproj/LaunchScreen.storyboard; sourceTree = "<group>"; };
		E32681861E037C2600909155 /* Info.plist */ = {isa = PBXFileReference; lastKnownFileType = text.plist.xml; path = Info.plist; sourceTree = "<group>"; };
		E326818C1E037CC500909155 /* board.png */ = {isa = PBXFileReference; lastKnownFileType = image.png; path = board.png; sourceTree = "<group>"; };
		E326818E1E037CDF00909155 /* cross.png */ = {isa = PBXFileReference; lastKnownFileType = image.png; path = cross.png; sourceTree = "<group>"; };
		E32681901E037CE900909155 /* nought.png */ = {isa = PBXFileReference; lastKnownFileType = image.png; path = nought.png; sourceTree = "<group>"; };
/* End PBXFileReference section */

/* Begin PBXFrameworksBuildPhase section */
		E32681711E037C2400909155 /* Frameworks */ = {
			isa = PBXFrameworksBuildPhase;
			buildActionMask = 2147483647;
			files = (
			);
			runOnlyForDeploymentPostprocessing = 0;
		};
/* End PBXFrameworksBuildPhase section */

/* Begin PBXGroup section */
		E326816B1E037C2400909155 = {
			isa = PBXGroup;
			children = (
				E32681761E037C2500909155 /* TicTacToe */,
				E32681751E037C2500909155 /* Products */,
			);
			sourceTree = "<group>";
		};
		E32681751E037C2500909155 /* Products */ = {
			isa = PBXGroup;
			children = (
				E32681741E037C2500909155 /* TicTacToe.app */,
			);
			name = Products;
			sourceTree = "<group>";
		};
		E32681761E037C2500909155 /* TicTacToe */ = {
			isa = PBXGroup;
			children = (
				E32681771E037C2500909155 /* AppDelegate.swift */,
				E32681791E037C2500909155 /* ViewController.swift */,
				E326817B1E037C2600909155 /* Main.storyboard */,
				E32681811E037C2600909155 /* Assets.xcassets */,
				E32681831E037C2600909155 /* LaunchScreen.storyboard */,
				E32681861E037C2600909155 /* Info.plist */,
				E326818C1E037CC500909155 /* board.png */,
				E326818E1E037CDF00909155 /* cross.png */,
				E32681901E037CE900909155 /* nought.png */,
				E326817E1E037C2600909155 /* TicTacToe.xcdatamodeld */,
			);
			path = TicTacToe;
			sourceTree = "<group>";
		};
/* End PBXGroup section */

/* Begin PBXNativeTarget section */
		E32681731E037C2400909155 /* TicTacToe */ = {
			isa = PBXNativeTarget;
			buildConfigurationList = E32681891E037C2600909155 /* Build configuration list for PBXNativeTarget "TicTacToe" */;
			buildPhases = (
				E32681701E037C2400909155 /* Sources */,
				E32681711E037C2400909155 /* Frameworks */,
				E32681721E037C2400909155 /* Resources */,
			);
			buildRules = (
			);
			dependencies = (
			);
			name = TicTacToe;
			productName = TicTacToe;
			productReference = E32681741E037C2500909155 /* TicTacToe.app */;
			productType = "com.apple.product-type.application";
		};
/* End PBXNativeTarget section */

/* Begin PBXProject section */
		E326816C1E037C2400909155 /* Project object */ = {
			isa = PBXProject;
			attributes = {
				LastSwiftUpdateCheck = 0820;
				LastUpgradeCheck = 0820;
				ORGANIZATIONNAME = "Leprechaun Skydiving";
				TargetAttributes = {
					E32681731E037C2400909155 = {
						CreatedOnToolsVersion = 8.2;
						ProvisioningStyle = Automatic;
					};
				};
			};
			buildConfigurationList = E326816F1E037C2400909155 /* Build configuration list for PBXProject "TicTacToe" */;
			compatibilityVersion = "Xcode 3.2";
			developmentRegion = English;
			hasScannedForEncodings = 0;
			knownRegions = (
				en,
				Base,
			);
			mainGroup = E326816B1E037C2400909155;
			productRefGroup = E32681751E037C2500909155 /* Products */;
			projectDirPath = "";
			projectRoot = "";
			targets = (
				E32681731E037C2400909155 /* TicTacToe */,
			);
		};
/* End PBXProject section */

/* Begin PBXResourcesBuildPhase section */
		E32681721E037C2400909155 /* Resources */ = {
			isa = PBXResourcesBuildPhase;
			buildActionMask = 2147483647;
			files = (
				E326818F1E037CDF00909155 /* cross.png in Resources */,
				E326818D1E037CC500909155 /* board.png in Resources */,
				E32681911E037CE900909155 /* nought.png in Resources */,
				E32681851E037C2600909155 /* LaunchScreen.storyboard in Resources */,
				E32681821E037C2600909155 /* Assets.xcassets in Resources */,
				E326817D1E037C2600909155 /* Main.storyboard in Resources */,
			);
			runOnlyForDeploymentPostprocessing = 0;
		};
/* End PBXResourcesBuildPhase section */

/* Begin PBXSourcesBuildPhase section */
		E32681701E037C2400909155 /* Sources */ = {
			isa = PBXSourcesBuildPhase;
			buildActionMask = 2147483647;
			files = (
				E32681801E037C2600909155 /* TicTacToe.xcdatamodeld in Sources */,
				E326817A1E037C2500909155 /* ViewController.swift in Sources */,
				E32681781E037C2500909155 /* AppDelegate.swift in Sources */,
			);
			runOnlyForDeploymentPostprocessing = 0;
		};
/* End PBXSourcesBuildPhase section */

/* Begin PBXVariantGroup section */
		E326817B1E037C2600909155 /* Main.storyboard */ = {
			isa = PBXVariantGroup;
			children = (
				E326817C1E037C2600909155 /* Base */,
			);
			name = Main.storyboard;
			sourceTree = "<group>";
		};
		E32681831E037C2600909155 /* LaunchScreen.storyboard */ = {
			isa = PBXVariantGroup;
			children = (
				E32681841E037C2600909155 /* Base */,
			);
			name = LaunchScreen.storyboard;
			sourceTree = "<group>";
		};
/* End PBXVariantGroup section */

/* Begin XCBuildConfiguration section */
		E32681871E037C2600909155 /* Debug */ = {
			isa = XCBuildConfiguration;
			buildSettings = {
				ALWAYS_SEARCH_USER_PATHS = NO;
				CLANG_ANALYZER_NONNULL = YES;
				CLANG_CXX_LANGUAGE_STANDARD = "gnu++0x";
				CLANG_CXX_LIBRARY = "libc++";
				CLANG_ENABLE_MODULES = YES;
				CLANG_ENABLE_OBJC_ARC = YES;
				CLANG_WARN_BOOL_CONVERSION = YES;
				CLANG_WARN_CONSTANT_CONVERSION = YES;
				CLANG_WARN_DIRECT_OBJC_ISA_USAGE = YES_ERROR;
				CLANG_WARN_DOCUMENTATION_COMMENTS = YES;
				CLANG_WARN_EMPTY_BODY = YES;
				CLANG_WARN_ENUM_CONVERSION = YES;
				CLANG_WARN_INFINITE_RECURSION = YES;
				CLANG_WARN_INT_CONVERSION = YES;
				CLANG_WARN_OBJC_ROOT_CLASS = YES_ERROR;
				CLANG_WARN_SUSPICIOUS_MOVE = YES;
				CLANG_WARN_UNREACHABLE_CODE = YES;
				CLANG_WARN__DUPLICATE_METHOD_MATCH = YES;
				"CODE_SIGN_IDENTITY[sdk=iphoneos*]" = "iPhone Developer";
				COPY_PHASE_STRIP = NO;
				DEBUG_INFORMATION_FORMAT = dwarf;
				ENABLE_STRICT_OBJC_MSGSEND = YES;
				ENABLE_TESTABILITY = YES;
				GCC_C_LANGUAGE_STANDARD = gnu99;
				GCC_DYNAMIC_NO_PIC = NO;
				GCC_NO_COMMON_BLOCKS = YES;
				GCC_OPTIMIZATION_LEVEL = 0;
				GCC_PREPROCESSOR_DEFINITIONS = (
					"DEBUG=1",
					"$(inherited)",
				);
				GCC_WARN_64_TO_32_BIT_CONVERSION = YES;
				GCC_WARN_ABOUT_RETURN_TYPE = YES_ERROR;
				GCC_WARN_UNDECLARED_SELECTOR = YES;
				GCC_WARN_UNINITIALIZED_AUTOS = YES_AGGRESSIVE;
				GCC_WARN_UNUSED_FUNCTION = YES;
				GCC_WARN_UNUSED_VARIABLE = YES;
				IPHONEOS_DEPLOYMENT_TARGET = 10.2;
				MTL_ENABLE_DEBUG_INFO = YES;
				ONLY_ACTIVE_ARCH = YES;
				SDKROOT = iphoneos;
				SWIFT_ACTIVE_COMPILATION_CONDITIONS = DEBUG;
				SWIFT_OPTIMIZATION_LEVEL = "-Onone";
			};
			name = Debug;
		};
		E32681881E037C2600909155 /* Release */ = {
			isa = XCBuildConfiguration;
			buildSettings = {
				ALWAYS_SEARCH_USER_PATHS = NO;
				CLANG_ANALYZER_NONNULL = YES;
				CLANG_CXX_LANGUAGE_STANDARD = "gnu++0x";
				CLANG_CXX_LIBRARY = "libc++";
				CLANG_ENABLE_MODULES = YES;
				CLANG_ENABLE_OBJC_ARC = YES;
				CLANG_WARN_BOOL_CONVERSION = YES;
				CLANG_WARN_CONSTANT_CONVERSION = YES;
				CLANG_WARN_DIRECT_OBJC_ISA_USAGE = YES_ERROR;
				CLANG_WARN_DOCUMENTATION_COMMENTS = YES;
				CLANG_WARN_EMPTY_BODY = YES;
				CLANG_WARN_ENUM_CONVERSION = YES;
				CLANG_WARN_INFINITE_RECURSION = YES;
				CLANG_WARN_INT_CONVERSION = YES;
				CLANG_WARN_OBJC_ROOT_CLASS = YES_ERROR;
				CLANG_WARN_SUSPICIOUS_MOVE = YES;
				CLANG_WARN_UNREACHABLE_CODE = YES;
				CLANG_WARN__DUPLICATE_METHOD_MATCH = YES;
				"CODE_SIGN_IDENTITY[sdk=iphoneos*]" = "iPhone Developer";
				COPY_PHASE_STRIP = NO;
				DEBUG_INFORMATION_FORMAT = "dwarf-with-dsym";
				ENABLE_NS_ASSERTIONS = NO;
				ENABLE_STRICT_OBJC_MSGSEND = YES;
				GCC_C_LANGUAGE_STANDARD = gnu99;
				GCC_NO_COMMON_BLOCKS = YES;
				GCC_WARN_64_TO_32_BIT_CONVERSION = YES;
				GCC_WARN_ABOUT_RETURN_TYPE = YES_ERROR;
				GCC_WARN_UNDECLARED_SELECTOR = YES;
				GCC_WARN_UNINITIALIZED_AUTOS = YES_AGGRESSIVE;
				GCC_WARN_UNUSED_FUNCTION = YES;
				GCC_WARN_UNUSED_VARIABLE = YES;
				IPHONEOS_DEPLOYMENT_TARGET = 10.2;
				MTL_ENABLE_DEBUG_INFO = NO;
				SDKROOT = iphoneos;
				SWIFT_OPTIMIZATION_LEVEL = "-Owholemodule";
				VALIDATE_PRODUCT = YES;
			};
			name = Release;
		};
		E326818A1E037C2600909155 /* Debug */ = {
			isa = XCBuildConfiguration;
			buildSettings = {
				ASSETCATALOG_COMPILER_APPICON_NAME = AppIcon;
				INFOPLIST_FILE = TicTacToe/Info.plist;
				LD_RUNPATH_SEARCH_PATHS = "$(inherited) @executable_path/Frameworks";
				PRODUCT_BUNDLE_IDENTIFIER = com.leprechaunskydiving.TicTacToe;
				PRODUCT_NAME = "$(TARGET_NAME)";
				SWIFT_VERSION = 3.0;
			};
			name = Debug;
		};
		E326818B1E037C2600909155 /* Release */ = {
			isa = XCBuildConfiguration;
			buildSettings = {
				ASSETCATALOG_COMPILER_APPICON_NAME = AppIcon;
				INFOPLIST_FILE = TicTacToe/Info.plist;
				LD_RUNPATH_SEARCH_PATHS = "$(inherited) @executable_path/Frameworks";
				PRODUCT_BUNDLE_IDENTIFIER = com.leprechaunskydiving.TicTacToe;
				PRODUCT_NAME = "$(TARGET_NAME)";
				SWIFT_VERSION = 3.0;
			};
			name = Release;
		};
/* End XCBuildConfiguration section */

/* Begin XCConfigurationList section */
		E326816F1E037C2400909155 /* Build configuration list for PBXProject "TicTacToe" */ = {
			isa = XCConfigurationList;
			buildConfigurations = (
				E32681871E037C2600909155 /* Debug */,
				E32681881E037C2600909155 /* Release */,
			);
			defaultConfigurationIsVisible = 0;
			defaultConfigurationName = Release;
		};
		E32681891E037C2600909155 /* Build configuration list for PBXNativeTarget "TicTacToe" */ = {
			isa = XCConfigurationList;
			buildConfigurations = (
				E326818A1E037C2600909155 /* Debug */,
				E326818B1E037C2600909155 /* Release */,
			);
			defaultConfigurationIsVisible = 0;
		};
/* End XCConfigurationList section */

/* Begin XCVersionGroup section */
		E326817E1E037C2600909155 /* TicTacToe.xcdatamodeld */ = {
			isa = XCVersionGroup;
			children = (
				E326817F1E037C2600909155 /* TicTacToe.xcdatamodel */,
			);
			currentVersion = E326817F1E037C2600909155 /* TicTacToe.xcdatamodel */;
			path = TicTacToe.xcdatamodeld;
			sourceTree = "<group>";
			versionGroupType = wrapper.xcdatamodel;
		};
/* End XCVersionGroup section */
	};
	rootObject = E326816C1E037C2400909155 /* Project object */;
}
