// !$*UTF8*$!
{
	archiveVersion = 1;
	classes = {
	};
	objectVersion = 46;
	objects = {

/* Begin PBXBuildFile section */
		E32A46991E0A072E00208897 /* AppDelegate.swift in Sources */ = {isa = PBXBuildFile; fileRef = E32A46981E0A072E00208897 /* AppDelegate.swift */; };
		E32A469B1E0A072E00208897 /* ViewController.swift in Sources */ = {isa = PBXBuildFile; fileRef = E32A469A1E0A072E00208897 /* ViewController.swift */; };
		E32A469E1E0A072E00208897 /* Main.storyboard in Resources */ = {isa = PBXBuildFile; fileRef = E32A469C1E0A072E00208897 /* Main.storyboard */; };
		E32A46A11E0A072E00208897 /* Skydiving_Rigs.xcdatamodeld in Sources */ = {isa = PBXBuildFile; fileRef = E32A469F1E0A072E00208897 /* Skydiving_Rigs.xcdatamodeld */; };
		E32A46A31E0A072E00208897 /* Assets.xcassets in Resources */ = {isa = PBXBuildFile; fileRef = E32A46A21E0A072E00208897 /* Assets.xcassets */; };
		E32A46A61E0A072E00208897 /* LaunchScreen.storyboard in Resources */ = {isa = PBXBuildFile; fileRef = E32A46A41E0A072E00208897 /* LaunchScreen.storyboard */; };
		E343675A1E0A0DF7003C8EE6 /* cat.jpg in Resources */ = {isa = PBXBuildFile; fileRef = E34367591E0A0DF7003C8EE6 /* cat.jpg */; };
		E343675C1E0A102D003C8EE6 /* GameViewController.swift in Sources */ = {isa = PBXBuildFile; fileRef = E343675B1E0A102D003C8EE6 /* GameViewController.swift */; };
/* End PBXBuildFile section */

/* Begin PBXFileReference section */
		E32A46951E0A072E00208897 /* Skydiving Rigs.app */ = {isa = PBXFileReference; explicitFileType = wrapper.application; includeInIndex = 0; path = "Skydiving Rigs.app"; sourceTree = BUILT_PRODUCTS_DIR; };
		E32A46981E0A072E00208897 /* AppDelegate.swift */ = {isa = PBXFileReference; lastKnownFileType = sourcecode.swift; path = AppDelegate.swift; sourceTree = "<group>"; };
		E32A469A1E0A072E00208897 /* ViewController.swift */ = {isa = PBXFileReference; lastKnownFileType = sourcecode.swift; path = ViewController.swift; sourceTree = "<group>"; };
		E32A469D1E0A072E00208897 /* Base */ = {isa = PBXFileReference; lastKnownFileType = file.storyboard; name = Base; path = Base.lproj/Main.storyboard; sourceTree = "<group>"; };
		E32A46A01E0A072E00208897 /* Skydiving_Rigs.xcdatamodel */ = {isa = PBXFileReference; lastKnownFileType = wrapper.xcdatamodel; path = Skydiving_Rigs.xcdatamodel; sourceTree = "<group>"; };
		E32A46A21E0A072E00208897 /* Assets.xcassets */ = {isa = PBXFileReference; lastKnownFileType = folder.assetcatalog; path = Assets.xcassets; sourceTree = "<group>"; };
		E32A46A51E0A072E00208897 /* Base */ = {isa = PBXFileReference; lastKnownFileType = file.storyboard; name = Base; path = Base.lproj/LaunchScreen.storyboard; sourceTree = "<group>"; };
		E32A46A71E0A072E00208897 /* Info.plist */ = {isa = PBXFileReference; lastKnownFileType = text.plist.xml; path = Info.plist; sourceTree = "<group>"; };
		E34367591E0A0DF7003C8EE6 /* cat.jpg */ = {isa = PBXFileReference; lastKnownFileType = image.jpeg; path = cat.jpg; sourceTree = "<group>"; };
		E343675B1E0A102D003C8EE6 /* GameViewController.swift */ = {isa = PBXFileReference; fileEncoding = 4; lastKnownFileType = sourcecode.swift; name = GameViewController.swift; path = ../GameViewController.swift; sourceTree = "<group>"; };
/* End PBXFileReference section */

/* Begin PBXFrameworksBuildPhase section */
		E32A46921E0A072E00208897 /* Frameworks */ = {
			isa = PBXFrameworksBuildPhase;
			buildActionMask = 2147483647;
			files = (
			);
			runOnlyForDeploymentPostprocessing = 0;
		};
/* End PBXFrameworksBuildPhase section */

/* Begin PBXGroup section */
		E32A468C1E0A072E00208897 = {
			isa = PBXGroup;
			children = (
				E32A46971E0A072E00208897 /* Skydiving Rigs */,
				E32A46961E0A072E00208897 /* Products */,
			);
			sourceTree = "<group>";
		};
		E32A46961E0A072E00208897 /* Products */ = {
			isa = PBXGroup;
			children = (
				E32A46951E0A072E00208897 /* Skydiving Rigs.app */,
			);
			name = Products;
			sourceTree = "<group>";
		};
		E32A46971E0A072E00208897 /* Skydiving Rigs */ = {
			isa = PBXGroup;
			children = (
				E32A46981E0A072E00208897 /* AppDelegate.swift */,
				E32A469A1E0A072E00208897 /* ViewController.swift */,
				E343675B1E0A102D003C8EE6 /* GameViewController.swift */,
				E32A469C1E0A072E00208897 /* Main.storyboard */,
				E32A46A21E0A072E00208897 /* Assets.xcassets */,
				E34367591E0A0DF7003C8EE6 /* cat.jpg */,
				E32A46A41E0A072E00208897 /* LaunchScreen.storyboard */,
				E32A46A71E0A072E00208897 /* Info.plist */,
				E32A469F1E0A072E00208897 /* Skydiving_Rigs.xcdatamodeld */,
			);
			path = "Skydiving Rigs";
			sourceTree = "<group>";
		};
/* End PBXGroup section */

/* Begin PBXNativeTarget section */
		E32A46941E0A072E00208897 /* Skydiving Rigs */ = {
			isa = PBXNativeTarget;
			buildConfigurationList = E32A46AA1E0A072E00208897 /* Build configuration list for PBXNativeTarget "Skydiving Rigs" */;
			buildPhases = (
				E32A46911E0A072E00208897 /* Sources */,
				E32A46921E0A072E00208897 /* Frameworks */,
				E32A46931E0A072E00208897 /* Resources */,
			);
			buildRules = (
			);
			dependencies = (
			);
			name = "Skydiving Rigs";
			productName = "Skydiving Rigs";
			productReference = E32A46951E0A072E00208897 /* Skydiving Rigs.app */;
			productType = "com.apple.product-type.application";
		};
/* End PBXNativeTarget section */

/* Begin PBXProject section */
		E32A468D1E0A072E00208897 /* Project object */ = {
			isa = PBXProject;
			attributes = {
				LastSwiftUpdateCheck = 0820;
				LastUpgradeCheck = 0820;
				ORGANIZATIONNAME = "Leprechaun Skydiving";
				TargetAttributes = {
					E32A46941E0A072E00208897 = {
						CreatedOnToolsVersion = 8.2;
						DevelopmentTeam = GJG5Q5X4VR;
						ProvisioningStyle = Automatic;
					};
				};
			};
			buildConfigurationList = E32A46901E0A072E00208897 /* Build configuration list for PBXProject "Skydiving Rigs" */;
			compatibilityVersion = "Xcode 3.2";
			developmentRegion = English;
			hasScannedForEncodings = 0;
			knownRegions = (
				en,
				Base,
			);
			mainGroup = E32A468C1E0A072E00208897;
			productRefGroup = E32A46961E0A072E00208897 /* Products */;
			projectDirPath = "";
			projectRoot = "";
			targets = (
				E32A46941E0A072E00208897 /* Skydiving Rigs */,
			);
		};
/* End PBXProject section */

/* Begin PBXResourcesBuildPhase section */
		E32A46931E0A072E00208897 /* Resources */ = {
			isa = PBXResourcesBuildPhase;
			buildActionMask = 2147483647;
			files = (
				E32A46A61E0A072E00208897 /* LaunchScreen.storyboard in Resources */,
				E32A46A31E0A072E00208897 /* Assets.xcassets in Resources */,
				E343675A1E0A0DF7003C8EE6 /* cat.jpg in Resources */,
				E32A469E1E0A072E00208897 /* Main.storyboard in Resources */,
			);
			runOnlyForDeploymentPostprocessing = 0;
		};
/* End PBXResourcesBuildPhase section */

/* Begin PBXSourcesBuildPhase section */
		E32A46911E0A072E00208897 /* Sources */ = {
			isa = PBXSourcesBuildPhase;
			buildActionMask = 2147483647;
			files = (
				E343675C1E0A102D003C8EE6 /* GameViewController.swift in Sources */,
				E32A469B1E0A072E00208897 /* ViewController.swift in Sources */,
				E32A46A11E0A072E00208897 /* Skydiving_Rigs.xcdatamodeld in Sources */,
				E32A46991E0A072E00208897 /* AppDelegate.swift in Sources */,
			);
			runOnlyForDeploymentPostprocessing = 0;
		};
/* End PBXSourcesBuildPhase section */

/* Begin PBXVariantGroup section */
		E32A469C1E0A072E00208897 /* Main.storyboard */ = {
			isa = PBXVariantGroup;
			children = (
				E32A469D1E0A072E00208897 /* Base */,
			);
			name = Main.storyboard;
			sourceTree = "<group>";
		};
		E32A46A41E0A072E00208897 /* LaunchScreen.storyboard */ = {
			isa = PBXVariantGroup;
			children = (
				E32A46A51E0A072E00208897 /* Base */,
			);
			name = LaunchScreen.storyboard;
			sourceTree = "<group>";
		};
/* End PBXVariantGroup section */

/* Begin XCBuildConfiguration section */
		E32A46A81E0A072E00208897 /* Debug */ = {
			isa = XCBuildConfiguration;
			buildSettings = {
				ALWAYS_SEARCH_USER_PATHS = NO;
				CLANG_ANALYZER_NONNULL = YES;
				CLANG_CXX_LANGUAGE_STANDARD = "gnu++0x";
				CLANG_CXX_LIBRARY = "libc++";
				CLANG_ENABLE_MODULES = YES;
				CLANG_ENABLE_OBJC_ARC = YES;
				CLANG_WARN_BOOL_CONVERSION = YES;
				CLANG_WARN_CONSTANT_CONVERSION = YES;
				CLANG_WARN_DIRECT_OBJC_ISA_USAGE = YES_ERROR;
				CLANG_WARN_DOCUMENTATION_COMMENTS = YES;
				CLANG_WARN_EMPTY_BODY = YES;
				CLANG_WARN_ENUM_CONVERSION = YES;
				CLANG_WARN_INFINITE_RECURSION = YES;
				CLANG_WARN_INT_CONVERSION = YES;
				CLANG_WARN_OBJC_ROOT_CLASS = YES_ERROR;
				CLANG_WARN_SUSPICIOUS_MOVE = YES;
				CLANG_WARN_UNREACHABLE_CODE = YES;
				CLANG_WARN__DUPLICATE_METHOD_MATCH = YES;
				CODE_SIGN_IDENTITY = "iPhone Developer: Wendy Faulkner (AR4AN56VV3)";
				"CODE_SIGN_IDENTITY[sdk=iphoneos*]" = "iPhone Developer: Wendy Faulkner (AR4AN56VV3)";
				COPY_PHASE_STRIP = NO;
				DEBUG_INFORMATION_FORMAT = dwarf;
				DEVELOPMENT_TEAM = GJG5Q5X4VR;
				ENABLE_STRICT_OBJC_MSGSEND = YES;
				ENABLE_TESTABILITY = YES;
				GCC_C_LANGUAGE_STANDARD = gnu99;
				GCC_DYNAMIC_NO_PIC = NO;
				GCC_NO_COMMON_BLOCKS = YES;
				GCC_OPTIMIZATION_LEVEL = 0;
				GCC_PREPROCESSOR_DEFINITIONS = (
					"DEBUG=1",
					"$(inherited)",
				);
				GCC_WARN_64_TO_32_BIT_CONVERSION = YES;
				GCC_WARN_ABOUT_RETURN_TYPE = YES_ERROR;
				GCC_WARN_UNDECLARED_SELECTOR = YES;
				GCC_WARN_UNINITIALIZED_AUTOS = YES_AGGRESSIVE;
				GCC_WARN_UNUSED_FUNCTION = YES;
				GCC_WARN_UNUSED_VARIABLE = YES;
				IPHONEOS_DEPLOYMENT_TARGET = 10.2;
				MTL_ENABLE_DEBUG_INFO = YES;
				ONLY_ACTIVE_ARCH = YES;
				SDKROOT = iphoneos;
				SWIFT_ACTIVE_COMPILATION_CONDITIONS = DEBUG;
				SWIFT_OPTIMIZATION_LEVEL = "-Onone";
			};
			name = Debug;
		};
		E32A46A91E0A072E00208897 /* Release */ = {
			isa = XCBuildConfiguration;
			buildSettings = {
				ALWAYS_SEARCH_USER_PATHS = NO;
				CLANG_ANALYZER_NONNULL = YES;
				CLANG_CXX_LANGUAGE_STANDARD = "gnu++0x";
				CLANG_CXX_LIBRARY = "libc++";
				CLANG_ENABLE_MODULES = YES;
				CLANG_ENABLE_OBJC_ARC = YES;
				CLANG_WARN_BOOL_CONVERSION = YES;
				CLANG_WARN_CONSTANT_CONVERSION = YES;
				CLANG_WARN_DIRECT_OBJC_ISA_USAGE = YES_ERROR;
				CLANG_WARN_DOCUMENTATION_COMMENTS = YES;
				CLANG_WARN_EMPTY_BODY = YES;
				CLANG_WARN_ENUM_CONVERSION = YES;
				CLANG_WARN_INFINITE_RECURSION = YES;
				CLANG_WARN_INT_CONVERSION = YES;
				CLANG_WARN_OBJC_ROOT_CLASS = YES_ERROR;
				CLANG_WARN_SUSPICIOUS_MOVE = YES;
				CLANG_WARN_UNREACHABLE_CODE = YES;
				CLANG_WARN__DUPLICATE_METHOD_MATCH = YES;
				CODE_SIGN_IDENTITY = "iPhone Developer: Wendy Faulkner (AR4AN56VV3)";
				"CODE_SIGN_IDENTITY[sdk=iphoneos*]" = "iPhone Developer: Wendy Faulkner (AR4AN56VV3)";
				COPY_PHASE_STRIP = NO;
				DEBUG_INFORMATION_FORMAT = "dwarf-with-dsym";
				DEVELOPMENT_TEAM = GJG5Q5X4VR;
				ENABLE_NS_ASSERTIONS = NO;
				ENABLE_STRICT_OBJC_MSGSEND = YES;
				GCC_C_LANGUAGE_STANDARD = gnu99;
				GCC_NO_COMMON_BLOCKS = YES;
				GCC_WARN_64_TO_32_BIT_CONVERSION = YES;
				GCC_WARN_ABOUT_RETURN_TYPE = YES_ERROR;
				GCC_WARN_UNDECLARED_SELECTOR = YES;
				GCC_WARN_UNINITIALIZED_AUTOS = YES_AGGRESSIVE;
				GCC_WARN_UNUSED_FUNCTION = YES;
				GCC_WARN_UNUSED_VARIABLE = YES;
				IPHONEOS_DEPLOYMENT_TARGET = 10.2;
				MTL_ENABLE_DEBUG_INFO = NO;
				ONLY_ACTIVE_ARCH = YES;
				SDKROOT = iphoneos;
				SWIFT_OPTIMIZATION_LEVEL = "-Owholemodule";
				VALIDATE_PRODUCT = YES;
			};
			name = Release;
		};
		E32A46AB1E0A072E00208897 /* Debug */ = {
			isa = XCBuildConfiguration;
			buildSettings = {
				ASSETCATALOG_COMPILER_APPICON_NAME = AppIcon;
				DEVELOPMENT_TEAM = GJG5Q5X4VR;
				INFOPLIST_FILE = "Skydiving Rigs/Info.plist";
				LD_RUNPATH_SEARCH_PATHS = "$(inherited) @executable_path/Frameworks";
				PRODUCT_BUNDLE_IDENTIFIER = com.leprechaunskydiving.SkydivingRigs;
				PRODUCT_NAME = "$(TARGET_NAME)";
				SWIFT_VERSION = 3.0;
			};
			name = Debug;
		};
		E32A46AC1E0A072E00208897 /* Release */ = {
			isa = XCBuildConfiguration;
			buildSettings = {
				ASSETCATALOG_COMPILER_APPICON_NAME = AppIcon;
				DEVELOPMENT_TEAM = GJG5Q5X4VR;
				INFOPLIST_FILE = "Skydiving Rigs/Info.plist";
				LD_RUNPATH_SEARCH_PATHS = "$(inherited) @executable_path/Frameworks";
				PRODUCT_BUNDLE_IDENTIFIER = com.leprechaunskydiving.SkydivingRigs;
				PRODUCT_NAME = "$(TARGET_NAME)";
				SWIFT_VERSION = 3.0;
			};
			name = Release;
		};
/* End XCBuildConfiguration section */

/* Begin XCConfigurationList section */
		E32A46901E0A072E00208897 /* Build configuration list for PBXProject "Skydiving Rigs" */ = {
			isa = XCConfigurationList;
			buildConfigurations = (
				E32A46A81E0A072E00208897 /* Debug */,
				E32A46A91E0A072E00208897 /* Release */,
			);
			defaultConfigurationIsVisible = 0;
			defaultConfigurationName = Release;
		};
		E32A46AA1E0A072E00208897 /* Build configuration list for PBXNativeTarget "Skydiving Rigs" */ = {
			isa = XCConfigurationList;
			buildConfigurations = (
				E32A46AB1E0A072E00208897 /* Debug */,
				E32A46AC1E0A072E00208897 /* Release */,
			);
			defaultConfigurationIsVisible = 0;
			defaultConfigurationName = Release;
		};
/* End XCConfigurationList section */

/* Begin XCVersionGroup section */
		E32A469F1E0A072E00208897 /* Skydiving_Rigs.xcdatamodeld */ = {
			isa = XCVersionGroup;
			children = (
				E32A46A01E0A072E00208897 /* Skydiving_Rigs.xcdatamodel */,
			);
			currentVersion = E32A46A01E0A072E00208897 /* Skydiving_Rigs.xcdatamodel */;
			path = Skydiving_Rigs.xcdatamodeld;
			sourceTree = "<group>";
			versionGroupType = wrapper.xcdatamodel;
		};
/* End XCVersionGroup section */
	};
	rootObject = E32A468D1E0A072E00208897 /* Project object */;
}
