// !$*UTF8*$!
{
	archiveVersion = 1;
	classes = {
	};
	objectVersion = 46;
	objects = {

/* Begin PBXBuildFile section */
		E392B7FE1E04CAFB00007427 /* AppDelegate.swift in Sources */ = {isa = PBXBuildFile; fileRef = E392B7FD1E04CAFB00007427 /* AppDelegate.swift */; };
		E392B8001E04CAFB00007427 /* ViewController.swift in Sources */ = {isa = PBXBuildFile; fileRef = E392B7FF1E04CAFB00007427 /* ViewController.swift */; };
		E392B8031E04CAFB00007427 /* Main.storyboard in Resources */ = {isa = PBXBuildFile; fileRef = E392B8011E04CAFB00007427 /* Main.storyboard */; };
		E392B8061E04CAFB00007427 /* Maps.xcdatamodeld in Sources */ = {isa = PBXBuildFile; fileRef = E392B8041E04CAFB00007427 /* Maps.xcdatamodeld */; };
		E392B8081E04CAFB00007427 /* Assets.xcassets in Resources */ = {isa = PBXBuildFile; fileRef = E392B8071E04CAFB00007427 /* Assets.xcassets */; };
		E392B80B1E04CAFB00007427 /* LaunchScreen.storyboard in Resources */ = {isa = PBXBuildFile; fileRef = E392B8091E04CAFB00007427 /* LaunchScreen.storyboard */; };
/* End PBXBuildFile section */

/* Begin PBXFileReference section */
		E392B7FA1E04CAFB00007427 /* Maps.app */ = {isa = PBXFileReference; explicitFileType = wrapper.application; includeInIndex = 0; path = Maps.app; sourceTree = BUILT_PRODUCTS_DIR; };
		E392B7FD1E04CAFB00007427 /* AppDelegate.swift */ = {isa = PBXFileReference; lastKnownFileType = sourcecode.swift; path = AppDelegate.swift; sourceTree = "<group>"; };
		E392B7FF1E04CAFB00007427 /* ViewController.swift */ = {isa = PBXFileReference; lastKnownFileType = sourcecode.swift; path = ViewController.swift; sourceTree = "<group>"; };
		E392B8021E04CAFB00007427 /* Base */ = {isa = PBXFileReference; lastKnownFileType = file.storyboard; name = Base; path = Base.lproj/Main.storyboard; sourceTree = "<group>"; };
		E392B8051E04CAFB00007427 /* Maps.xcdatamodel */ = {isa = PBXFileReference; lastKnownFileType = wrapper.xcdatamodel; path = Maps.xcdatamodel; sourceTree = "<group>"; };
		E392B8071E04CAFB00007427 /* Assets.xcassets */ = {isa = PBXFileReference; lastKnownFileType = folder.assetcatalog; path = Assets.xcassets; sourceTree = "<group>"; };
		E392B80A1E04CAFB00007427 /* Base */ = {isa = PBXFileReference; lastKnownFileType = file.storyboard; name = Base; path = Base.lproj/LaunchScreen.storyboard; sourceTree = "<group>"; };
		E392B80C1E04CAFB00007427 /* Info.plist */ = {isa = PBXFileReference; lastKnownFileType = text.plist.xml; path = Info.plist; sourceTree = "<group>"; };
/* End PBXFileReference section */

/* Begin PBXFrameworksBuildPhase section */
		E392B7F71E04CAFB00007427 /* Frameworks */ = {
			isa = PBXFrameworksBuildPhase;
			buildActionMask = 2147483647;
			files = (
			);
			runOnlyForDeploymentPostprocessing = 0;
		};
/* End PBXFrameworksBuildPhase section */

/* Begin PBXGroup section */
		E392B7F11E04CAFB00007427 = {
			isa = PBXGroup;
			children = (
				E392B7FC1E04CAFB00007427 /* Maps */,
				E392B7FB1E04CAFB00007427 /* Products */,
			);
			sourceTree = "<group>";
		};
		E392B7FB1E04CAFB00007427 /* Products */ = {
			isa = PBXGroup;
			children = (
				E392B7FA1E04CAFB00007427 /* Maps.app */,
			);
			name = Products;
			sourceTree = "<group>";
		};
		E392B7FC1E04CAFB00007427 /* Maps */ = {
			isa = PBXGroup;
			children = (
				E392B7FD1E04CAFB00007427 /* AppDelegate.swift */,
				E392B7FF1E04CAFB00007427 /* ViewController.swift */,
				E392B8011E04CAFB00007427 /* Main.storyboard */,
				E392B8071E04CAFB00007427 /* Assets.xcassets */,
				E392B8091E04CAFB00007427 /* LaunchScreen.storyboard */,
				E392B80C1E04CAFB00007427 /* Info.plist */,
				E392B8041E04CAFB00007427 /* Maps.xcdatamodeld */,
			);
			path = Maps;
			sourceTree = "<group>";
		};
/* End PBXGroup section */

/* Begin PBXNativeTarget section */
		E392B7F91E04CAFB00007427 /* Maps */ = {
			isa = PBXNativeTarget;
			buildConfigurationList = E392B80F1E04CAFB00007427 /* Build configuration list for PBXNativeTarget "Maps" */;
			buildPhases = (
				E392B7F61E04CAFB00007427 /* Sources */,
				E392B7F71E04CAFB00007427 /* Frameworks */,
				E392B7F81E04CAFB00007427 /* Resources */,
			);
			buildRules = (
			);
			dependencies = (
			);
			name = Maps;
			productName = Maps;
			productReference = E392B7FA1E04CAFB00007427 /* Maps.app */;
			productType = "com.apple.product-type.application";
		};
/* End PBXNativeTarget section */

/* Begin PBXProject section */
		E392B7F21E04CAFB00007427 /* Project object */ = {
			isa = PBXProject;
			attributes = {
				LastSwiftUpdateCheck = 0820;
				LastUpgradeCheck = 0820;
				ORGANIZATIONNAME = "Leprechaun Skydiving";
				TargetAttributes = {
					E392B7F91E04CAFB00007427 = {
						CreatedOnToolsVersion = 8.2;
						ProvisioningStyle = Automatic;
					};
				};
			};
			buildConfigurationList = E392B7F51E04CAFB00007427 /* Build configuration list for PBXProject "Maps" */;
			compatibilityVersion = "Xcode 3.2";
			developmentRegion = English;
			hasScannedForEncodings = 0;
			knownRegions = (
				en,
				Base,
			);
			mainGroup = E392B7F11E04CAFB00007427;
			productRefGroup = E392B7FB1E04CAFB00007427 /* Products */;
			projectDirPath = "";
			projectRoot = "";
			targets = (
				E392B7F91E04CAFB00007427 /* Maps */,
			);
		};
/* End PBXProject section */

/* Begin PBXResourcesBuildPhase section */
		E392B7F81E04CAFB00007427 /* Resources */ = {
			isa = PBXResourcesBuildPhase;
			buildActionMask = 2147483647;
			files = (
				E392B80B1E04CAFB00007427 /* LaunchScreen.storyboard in Resources */,
				E392B8081E04CAFB00007427 /* Assets.xcassets in Resources */,
				E392B8031E04CAFB00007427 /* Main.storyboard in Resources */,
			);
			runOnlyForDeploymentPostprocessing = 0;
		};
/* End PBXResourcesBuildPhase section */

/* Begin PBXSourcesBuildPhase section */
		E392B7F61E04CAFB00007427 /* Sources */ = {
			isa = PBXSourcesBuildPhase;
			buildActionMask = 2147483647;
			files = (
				E392B8061E04CAFB00007427 /* Maps.xcdatamodeld in Sources */,
				E392B8001E04CAFB00007427 /* ViewController.swift in Sources */,
				E392B7FE1E04CAFB00007427 /* AppDelegate.swift in Sources */,
			);
			runOnlyForDeploymentPostprocessing = 0;
		};
/* End PBXSourcesBuildPhase section */

/* Begin PBXVariantGroup section */
		E392B8011E04CAFB00007427 /* Main.storyboard */ = {
			isa = PBXVariantGroup;
			children = (
				E392B8021E04CAFB00007427 /* Base */,
			);
			name = Main.storyboard;
			sourceTree = "<group>";
		};
		E392B8091E04CAFB00007427 /* LaunchScreen.storyboard */ = {
			isa = PBXVariantGroup;
			children = (
				E392B80A1E04CAFB00007427 /* Base */,
			);
			name = LaunchScreen.storyboard;
			sourceTree = "<group>";
		};
/* End PBXVariantGroup section */

/* Begin XCBuildConfiguration section */
		E392B80D1E04CAFB00007427 /* Debug */ = {
			isa = XCBuildConfiguration;
			buildSettings = {
				ALWAYS_SEARCH_USER_PATHS = NO;
				CLANG_ANALYZER_NONNULL = YES;
				CLANG_CXX_LANGUAGE_STANDARD = "gnu++0x";
				CLANG_CXX_LIBRARY = "libc++";
				CLANG_ENABLE_MODULES = YES;
				CLANG_ENABLE_OBJC_ARC = YES;
				CLANG_WARN_BOOL_CONVERSION = YES;
				CLANG_WARN_CONSTANT_CONVERSION = YES;
				CLANG_WARN_DIRECT_OBJC_ISA_USAGE = YES_ERROR;
				CLANG_WARN_DOCUMENTATION_COMMENTS = YES;
				CLANG_WARN_EMPTY_BODY = YES;
				CLANG_WARN_ENUM_CONVERSION = YES;
				CLANG_WARN_INFINITE_RECURSION = YES;
				CLANG_WARN_INT_CONVERSION = YES;
				CLANG_WARN_OBJC_ROOT_CLASS = YES_ERROR;
				CLANG_WARN_SUSPICIOUS_MOVE = YES;
				CLANG_WARN_UNREACHABLE_CODE = YES;
				CLANG_WARN__DUPLICATE_METHOD_MATCH = YES;
				"CODE_SIGN_IDENTITY[sdk=iphoneos*]" = "iPhone Developer";
				COPY_PHASE_STRIP = NO;
				DEBUG_INFORMATION_FORMAT = dwarf;
				ENABLE_STRICT_OBJC_MSGSEND = YES;
				ENABLE_TESTABILITY = YES;
				GCC_C_LANGUAGE_STANDARD = gnu99;
				GCC_DYNAMIC_NO_PIC = NO;
				GCC_NO_COMMON_BLOCKS = YES;
				GCC_OPTIMIZATION_LEVEL = 0;
				GCC_PREPROCESSOR_DEFINITIONS = (
					"DEBUG=1",
					"$(inherited)",
				);
				GCC_WARN_64_TO_32_BIT_CONVERSION = YES;
				GCC_WARN_ABOUT_RETURN_TYPE = YES_ERROR;
				GCC_WARN_UNDECLARED_SELECTOR = YES;
				GCC_WARN_UNINITIALIZED_AUTOS = YES_AGGRESSIVE;
				GCC_WARN_UNUSED_FUNCTION = YES;
				GCC_WARN_UNUSED_VARIABLE = YES;
				IPHONEOS_DEPLOYMENT_TARGET = 10.2;
				MTL_ENABLE_DEBUG_INFO = YES;
				ONLY_ACTIVE_ARCH = YES;
				SDKROOT = iphoneos;
				SWIFT_ACTIVE_COMPILATION_CONDITIONS = DEBUG;
				SWIFT_OPTIMIZATION_LEVEL = "-Onone";
			};
			name = Debug;
		};
		E392B80E1E04CAFB00007427 /* Release */ = {
			isa = XCBuildConfiguration;
			buildSettings = {
				ALWAYS_SEARCH_USER_PATHS = NO;
				CLANG_ANALYZER_NONNULL = YES;
				CLANG_CXX_LANGUAGE_STANDARD = "gnu++0x";
				CLANG_CXX_LIBRARY = "libc++";
				CLANG_ENABLE_MODULES = YES;
				CLANG_ENABLE_OBJC_ARC = YES;
				CLANG_WARN_BOOL_CONVERSION = YES;
				CLANG_WARN_CONSTANT_CONVERSION = YES;
				CLANG_WARN_DIRECT_OBJC_ISA_USAGE = YES_ERROR;
				CLANG_WARN_DOCUMENTATION_COMMENTS = YES;
				CLANG_WARN_EMPTY_BODY = YES;
				CLANG_WARN_ENUM_CONVERSION = YES;
				CLANG_WARN_INFINITE_RECURSION = YES;
				CLANG_WARN_INT_CONVERSION = YES;
				CLANG_WARN_OBJC_ROOT_CLASS = YES_ERROR;
				CLANG_WARN_SUSPICIOUS_MOVE = YES;
				CLANG_WARN_UNREACHABLE_CODE = YES;
				CLANG_WARN__DUPLICATE_METHOD_MATCH = YES;
				"CODE_SIGN_IDENTITY[sdk=iphoneos*]" = "iPhone Developer";
				COPY_PHASE_STRIP = NO;
				DEBUG_INFORMATION_FORMAT = "dwarf-with-dsym";
				ENABLE_NS_ASSERTIONS = NO;
				ENABLE_STRICT_OBJC_MSGSEND = YES;
				GCC_C_LANGUAGE_STANDARD = gnu99;
				GCC_NO_COMMON_BLOCKS = YES;
				GCC_WARN_64_TO_32_BIT_CONVERSION = YES;
				GCC_WARN_ABOUT_RETURN_TYPE = YES_ERROR;
				GCC_WARN_UNDECLARED_SELECTOR = YES;
				GCC_WARN_UNINITIALIZED_AUTOS = YES_AGGRESSIVE;
				GCC_WARN_UNUSED_FUNCTION = YES;
				GCC_WARN_UNUSED_VARIABLE = YES;
				IPHONEOS_DEPLOYMENT_TARGET = 10.2;
				MTL_ENABLE_DEBUG_INFO = NO;
				SDKROOT = iphoneos;
				SWIFT_OPTIMIZATION_LEVEL = "-Owholemodule";
				VALIDATE_PRODUCT = YES;
			};
			name = Release;
		};
		E392B8101E04CAFB00007427 /* Debug */ = {
			isa = XCBuildConfiguration;
			buildSettings = {
				ASSETCATALOG_COMPILER_APPICON_NAME = AppIcon;
				INFOPLIST_FILE = Maps/Info.plist;
				LD_RUNPATH_SEARCH_PATHS = "$(inherited) @executable_path/Frameworks";
				PRODUCT_BUNDLE_IDENTIFIER = com.leprechaunskydiving.Maps;
				PRODUCT_NAME = "$(TARGET_NAME)";
				SWIFT_VERSION = 3.0;
			};
			name = Debug;
		};
		E392B8111E04CAFB00007427 /* Release */ = {
			isa = XCBuildConfiguration;
			buildSettings = {
				ASSETCATALOG_COMPILER_APPICON_NAME = AppIcon;
				INFOPLIST_FILE = Maps/Info.plist;
				LD_RUNPATH_SEARCH_PATHS = "$(inherited) @executable_path/Frameworks";
				PRODUCT_BUNDLE_IDENTIFIER = com.leprechaunskydiving.Maps;
				PRODUCT_NAME = "$(TARGET_NAME)";
				SWIFT_VERSION = 3.0;
			};
			name = Release;
		};
/* End XCBuildConfiguration section */

/* Begin XCConfigurationList section */
		E392B7F51E04CAFB00007427 /* Build configuration list for PBXProject "Maps" */ = {
			isa = XCConfigurationList;
			buildConfigurations = (
				E392B80D1E04CAFB00007427 /* Debug */,
				E392B80E1E04CAFB00007427 /* Release */,
			);
			defaultConfigurationIsVisible = 0;
			defaultConfigurationName = Release;
		};
		E392B80F1E04CAFB00007427 /* Build configuration list for PBXNativeTarget "Maps" */ = {
			isa = XCConfigurationList;
			buildConfigurations = (
				E392B8101E04CAFB00007427 /* Debug */,
				E392B8111E04CAFB00007427 /* Release */,
			);
			defaultConfigurationIsVisible = 0;
		};
/* End XCConfigurationList section */

/* Begin XCVersionGroup section */
		E392B8041E04CAFB00007427 /* Maps.xcdatamodeld */ = {
			isa = XCVersionGroup;
			children = (
				E392B8051E04CAFB00007427 /* Maps.xcdatamodel */,
			);
			currentVersion = E392B8051E04CAFB00007427 /* Maps.xcdatamodel */;
			path = Maps.xcdatamodeld;
			sourceTree = "<group>";
			versionGroupType = wrapper.xcdatamodel;
		};
/* End XCVersionGroup section */
	};
	rootObject = E392B7F21E04CAFB00007427 /* Project object */;
}
