// !$*UTF8*$!
{
	archiveVersion = 1;
	classes = {
	};
	objectVersion = 46;
	objects = {

/* Begin PBXBuildFile section */
		E3261A301E528D3E008E8F0B /* AppDelegate.swift in Sources */ = {isa = PBXBuildFile; fileRef = E3261A2F1E528D3E008E8F0B /* AppDelegate.swift */; };
		E3261A321E528D3F008E8F0B /* ViewController.swift in Sources */ = {isa = PBXBuildFile; fileRef = E3261A311E528D3F008E8F0B /* ViewController.swift */; };
		E3261A351E528D3F008E8F0B /* Main.storyboard in Resources */ = {isa = PBXBuildFile; fileRef = E3261A331E528D3F008E8F0B /* Main.storyboard */; };
		E3261A371E528D3F008E8F0B /* Assets.xcassets in Resources */ = {isa = PBXBuildFile; fileRef = E3261A361E528D3F008E8F0B /* Assets.xcassets */; };
		E3261A3A1E528D3F008E8F0B /* LaunchScreen.storyboard in Resources */ = {isa = PBXBuildFile; fileRef = E3261A381E528D3F008E8F0B /* LaunchScreen.storyboard */; };
		E3261A481E528D79008E8F0B /* KeyboardViewController.swift in Sources */ = {isa = PBXBuildFile; fileRef = E3261A471E528D79008E8F0B /* KeyboardViewController.swift */; };
		E3261A4C1E528D79008E8F0B /* HodorBoard.appex in Embed App Extensions */ = {isa = PBXBuildFile; fileRef = E3261A451E528D79008E8F0B /* HodorBoard.appex */; settings = {ATTRIBUTES = (RemoveHeadersOnCopy, ); }; };
		E3261A521E5293E0008E8F0B /* cat.jpg in Resources */ = {isa = PBXBuildFile; fileRef = E3261A511E5293E0008E8F0B /* cat.jpg */; };
/* End PBXBuildFile section */

/* Begin PBXContainerItemProxy section */
		E3261A4A1E528D79008E8F0B /* PBXContainerItemProxy */ = {
			isa = PBXContainerItemProxy;
			containerPortal = E3261A241E528D3C008E8F0B /* Project object */;
			proxyType = 1;
			remoteGlobalIDString = E3261A441E528D79008E8F0B;
			remoteInfo = HodorBoard;
		};
/* End PBXContainerItemProxy section */

/* Begin PBXCopyFilesBuildPhase section */
		E3261A501E528D79008E8F0B /* Embed App Extensions */ = {
			isa = PBXCopyFilesBuildPhase;
			buildActionMask = 2147483647;
			dstPath = "";
			dstSubfolderSpec = 13;
			files = (
				E3261A4C1E528D79008E8F0B /* HodorBoard.appex in Embed App Extensions */,
			);
			name = "Embed App Extensions";
			runOnlyForDeploymentPostprocessing = 0;
		};
/* End PBXCopyFilesBuildPhase section */

/* Begin PBXFileReference section */
		E3261A2C1E528D3E008E8F0B /* Custom Keyboard.app */ = {isa = PBXFileReference; explicitFileType = wrapper.application; includeInIndex = 0; path = "Custom Keyboard.app"; sourceTree = BUILT_PRODUCTS_DIR; };
		E3261A2F1E528D3E008E8F0B /* AppDelegate.swift */ = {isa = PBXFileReference; lastKnownFileType = sourcecode.swift; path = AppDelegate.swift; sourceTree = "<group>"; };
		E3261A311E528D3F008E8F0B /* ViewController.swift */ = {isa = PBXFileReference; lastKnownFileType = sourcecode.swift; path = ViewController.swift; sourceTree = "<group>"; };
		E3261A341E528D3F008E8F0B /* Base */ = {isa = PBXFileReference; lastKnownFileType = file.storyboard; name = Base; path = Base.lproj/Main.storyboard; sourceTree = "<group>"; };
		E3261A361E528D3F008E8F0B /* Assets.xcassets */ = {isa = PBXFileReference; lastKnownFileType = folder.assetcatalog; path = Assets.xcassets; sourceTree = "<group>"; };
		E3261A391E528D3F008E8F0B /* Base */ = {isa = PBXFileReference; lastKnownFileType = file.storyboard; name = Base; path = Base.lproj/LaunchScreen.storyboard; sourceTree = "<group>"; };
		E3261A3B1E528D3F008E8F0B /* Info.plist */ = {isa = PBXFileReference; lastKnownFileType = text.plist.xml; path = Info.plist; sourceTree = "<group>"; };
		E3261A451E528D79008E8F0B /* HodorBoard.appex */ = {isa = PBXFileReference; explicitFileType = "wrapper.app-extension"; includeInIndex = 0; path = HodorBoard.appex; sourceTree = BUILT_PRODUCTS_DIR; };
		E3261A471E528D79008E8F0B /* KeyboardViewController.swift */ = {isa = PBXFileReference; lastKnownFileType = sourcecode.swift; path = KeyboardViewController.swift; sourceTree = "<group>"; };
		E3261A491E528D79008E8F0B /* Info.plist */ = {isa = PBXFileReference; lastKnownFileType = text.plist.xml; path = Info.plist; sourceTree = "<group>"; };
		E3261A511E5293E0008E8F0B /* cat.jpg */ = {isa = PBXFileReference; lastKnownFileType = image.jpeg; name = cat.jpg; path = "../Custom Keyboard/cat.jpg"; sourceTree = "<group>"; };
/* End PBXFileReference section */

/* Begin PBXFrameworksBuildPhase section */
		E3261A291E528D3C008E8F0B /* Frameworks */ = {
			isa = PBXFrameworksBuildPhase;
			buildActionMask = 2147483647;
			files = (
			);
			runOnlyForDeploymentPostprocessing = 0;
		};
		E3261A421E528D79008E8F0B /* Frameworks */ = {
			isa = PBXFrameworksBuildPhase;
			buildActionMask = 2147483647;
			files = (
			);
			runOnlyForDeploymentPostprocessing = 0;
		};
/* End PBXFrameworksBuildPhase section */

/* Begin PBXGroup section */
		E3261A231E528D3C008E8F0B = {
			isa = PBXGroup;
			children = (
				E3261A2E1E528D3E008E8F0B /* Custom Keyboard */,
				E3261A461E528D79008E8F0B /* HodorBoard */,
				E3261A2D1E528D3E008E8F0B /* Products */,
			);
			sourceTree = "<group>";
		};
		E3261A2D1E528D3E008E8F0B /* Products */ = {
			isa = PBXGroup;
			children = (
				E3261A2C1E528D3E008E8F0B /* Custom Keyboard.app */,
				E3261A451E528D79008E8F0B /* HodorBoard.appex */,
			);
			name = Products;
			sourceTree = "<group>";
		};
		E3261A2E1E528D3E008E8F0B /* Custom Keyboard */ = {
			isa = PBXGroup;
			children = (
				E3261A2F1E528D3E008E8F0B /* AppDelegate.swift */,
				E3261A311E528D3F008E8F0B /* ViewController.swift */,
				E3261A331E528D3F008E8F0B /* Main.storyboard */,
				E3261A361E528D3F008E8F0B /* Assets.xcassets */,
				E3261A381E528D3F008E8F0B /* LaunchScreen.storyboard */,
				E3261A3B1E528D3F008E8F0B /* Info.plist */,
			);
			path = "Custom Keyboard";
			sourceTree = "<group>";
		};
		E3261A461E528D79008E8F0B /* HodorBoard */ = {
			isa = PBXGroup;
			children = (
				E3261A471E528D79008E8F0B /* KeyboardViewController.swift */,
				E3261A511E5293E0008E8F0B /* cat.jpg */,
				E3261A491E528D79008E8F0B /* Info.plist */,
			);
			path = HodorBoard;
			sourceTree = "<group>";
		};
/* End PBXGroup section */

/* Begin PBXNativeTarget section */
		E3261A2B1E528D3C008E8F0B /* Custom Keyboard */ = {
			isa = PBXNativeTarget;
			buildConfigurationList = E3261A3E1E528D3F008E8F0B /* Build configuration list for PBXNativeTarget "Custom Keyboard" */;
			buildPhases = (
				E3261A281E528D3C008E8F0B /* Sources */,
				E3261A291E528D3C008E8F0B /* Frameworks */,
				E3261A2A1E528D3C008E8F0B /* Resources */,
				E3261A501E528D79008E8F0B /* Embed App Extensions */,
			);
			buildRules = (
			);
			dependencies = (
				E3261A4B1E528D79008E8F0B /* PBXTargetDependency */,
			);
			name = "Custom Keyboard";
			productName = "Custom Keyboard";
			productReference = E3261A2C1E528D3E008E8F0B /* Custom Keyboard.app */;
			productType = "com.apple.product-type.application";
		};
		E3261A441E528D79008E8F0B /* HodorBoard */ = {
			isa = PBXNativeTarget;
			buildConfigurationList = E3261A4D1E528D79008E8F0B /* Build configuration list for PBXNativeTarget "HodorBoard" */;
			buildPhases = (
				E3261A411E528D79008E8F0B /* Sources */,
				E3261A421E528D79008E8F0B /* Frameworks */,
				E3261A431E528D79008E8F0B /* Resources */,
			);
			buildRules = (
			);
			dependencies = (
			);
			name = HodorBoard;
			productName = HodorBoard;
			productReference = E3261A451E528D79008E8F0B /* HodorBoard.appex */;
			productType = "com.apple.product-type.app-extension";
		};
/* End PBXNativeTarget section */

/* Begin PBXProject section */
		E3261A241E528D3C008E8F0B /* Project object */ = {
			isa = PBXProject;
			attributes = {
				LastSwiftUpdateCheck = 0820;
				LastUpgradeCheck = 0820;
				ORGANIZATIONNAME = "Leprechaun Skydiving";
				TargetAttributes = {
					E3261A2B1E528D3C008E8F0B = {
						CreatedOnToolsVersion = 8.2.1;
						DevelopmentTeam = GJG5Q5X4VR;
						ProvisioningStyle = Automatic;
					};
					E3261A441E528D79008E8F0B = {
						CreatedOnToolsVersion = 8.2.1;
						DevelopmentTeam = GJG5Q5X4VR;
						ProvisioningStyle = Automatic;
					};
				};
			};
			buildConfigurationList = E3261A271E528D3C008E8F0B /* Build configuration list for PBXProject "Custom Keyboard" */;
			compatibilityVersion = "Xcode 3.2";
			developmentRegion = English;
			hasScannedForEncodings = 0;
			knownRegions = (
				en,
				Base,
			);
			mainGroup = E3261A231E528D3C008E8F0B;
			productRefGroup = E3261A2D1E528D3E008E8F0B /* Products */;
			projectDirPath = "";
			projectRoot = "";
			targets = (
				E3261A2B1E528D3C008E8F0B /* Custom Keyboard */,
				E3261A441E528D79008E8F0B /* HodorBoard */,
			);
		};
/* End PBXProject section */

/* Begin PBXResourcesBuildPhase section */
		E3261A2A1E528D3C008E8F0B /* Resources */ = {
			isa = PBXResourcesBuildPhase;
			buildActionMask = 2147483647;
			files = (
				E3261A3A1E528D3F008E8F0B /* LaunchScreen.storyboard in Resources */,
				E3261A371E528D3F008E8F0B /* Assets.xcassets in Resources */,
				E3261A521E5293E0008E8F0B /* cat.jpg in Resources */,
				E3261A351E528D3F008E8F0B /* Main.storyboard in Resources */,
			);
			runOnlyForDeploymentPostprocessing = 0;
		};
		E3261A431E528D79008E8F0B /* Resources */ = {
			isa = PBXResourcesBuildPhase;
			buildActionMask = 2147483647;
			files = (
			);
			runOnlyForDeploymentPostprocessing = 0;
		};
/* End PBXResourcesBuildPhase section */

/* Begin PBXSourcesBuildPhase section */
		E3261A281E528D3C008E8F0B /* Sources */ = {
			isa = PBXSourcesBuildPhase;
			buildActionMask = 2147483647;
			files = (
				E3261A321E528D3F008E8F0B /* ViewController.swift in Sources */,
				E3261A301E528D3E008E8F0B /* AppDelegate.swift in Sources */,
			);
			runOnlyForDeploymentPostprocessing = 0;
		};
		E3261A411E528D79008E8F0B /* Sources */ = {
			isa = PBXSourcesBuildPhase;
			buildActionMask = 2147483647;
			files = (
				E3261A481E528D79008E8F0B /* KeyboardViewController.swift in Sources */,
			);
			runOnlyForDeploymentPostprocessing = 0;
		};
/* End PBXSourcesBuildPhase section */

/* Begin PBXTargetDependency section */
		E3261A4B1E528D79008E8F0B /* PBXTargetDependency */ = {
			isa = PBXTargetDependency;
			target = E3261A441E528D79008E8F0B /* HodorBoard */;
			targetProxy = E3261A4A1E528D79008E8F0B /* PBXContainerItemProxy */;
		};
/* End PBXTargetDependency section */

/* Begin PBXVariantGroup section */
		E3261A331E528D3F008E8F0B /* Main.storyboard */ = {
			isa = PBXVariantGroup;
			children = (
				E3261A341E528D3F008E8F0B /* Base */,
			);
			name = Main.storyboard;
			sourceTree = "<group>";
		};
		E3261A381E528D3F008E8F0B /* LaunchScreen.storyboard */ = {
			isa = PBXVariantGroup;
			children = (
				E3261A391E528D3F008E8F0B /* Base */,
			);
			name = LaunchScreen.storyboard;
			sourceTree = "<group>";
		};
/* End PBXVariantGroup section */

/* Begin XCBuildConfiguration section */
		E3261A3C1E528D3F008E8F0B /* Debug */ = {
			isa = XCBuildConfiguration;
			buildSettings = {
				ALWAYS_SEARCH_USER_PATHS = NO;
				CLANG_ANALYZER_NONNULL = YES;
				CLANG_CXX_LANGUAGE_STANDARD = "gnu++0x";
				CLANG_CXX_LIBRARY = "libc++";
				CLANG_ENABLE_MODULES = YES;
				CLANG_ENABLE_OBJC_ARC = YES;
				CLANG_WARN_BOOL_CONVERSION = YES;
				CLANG_WARN_CONSTANT_CONVERSION = YES;
				CLANG_WARN_DIRECT_OBJC_ISA_USAGE = YES_ERROR;
				CLANG_WARN_DOCUMENTATION_COMMENTS = YES;
				CLANG_WARN_EMPTY_BODY = YES;
				CLANG_WARN_ENUM_CONVERSION = YES;
				CLANG_WARN_INFINITE_RECURSION = YES;
				CLANG_WARN_INT_CONVERSION = YES;
				CLANG_WARN_OBJC_ROOT_CLASS = YES_ERROR;
				CLANG_WARN_SUSPICIOUS_MOVE = YES;
				CLANG_WARN_UNREACHABLE_CODE = YES;
				CLANG_WARN__DUPLICATE_METHOD_MATCH = YES;
				"CODE_SIGN_IDENTITY[sdk=iphoneos*]" = "iPhone Developer";
				COPY_PHASE_STRIP = NO;
				DEBUG_INFORMATION_FORMAT = dwarf;
				ENABLE_STRICT_OBJC_MSGSEND = YES;
				ENABLE_TESTABILITY = YES;
				GCC_C_LANGUAGE_STANDARD = gnu99;
				GCC_DYNAMIC_NO_PIC = NO;
				GCC_NO_COMMON_BLOCKS = YES;
				GCC_OPTIMIZATION_LEVEL = 0;
				GCC_PREPROCESSOR_DEFINITIONS = (
					"DEBUG=1",
					"$(inherited)",
				);
				GCC_WARN_64_TO_32_BIT_CONVERSION = YES;
				GCC_WARN_ABOUT_RETURN_TYPE = YES_ERROR;
				GCC_WARN_UNDECLARED_SELECTOR = YES;
				GCC_WARN_UNINITIALIZED_AUTOS = YES_AGGRESSIVE;
				GCC_WARN_UNUSED_FUNCTION = YES;
				GCC_WARN_UNUSED_VARIABLE = YES;
				IPHONEOS_DEPLOYMENT_TARGET = 10.2;
				MTL_ENABLE_DEBUG_INFO = YES;
				ONLY_ACTIVE_ARCH = YES;
				SDKROOT = iphoneos;
				SWIFT_ACTIVE_COMPILATION_CONDITIONS = DEBUG;
				SWIFT_OPTIMIZATION_LEVEL = "-Onone";
			};
			name = Debug;
		};
		E3261A3D1E528D3F008E8F0B /* Release */ = {
			isa = XCBuildConfiguration;
			buildSettings = {
				ALWAYS_SEARCH_USER_PATHS = NO;
				CLANG_ANALYZER_NONNULL = YES;
				CLANG_CXX_LANGUAGE_STANDARD = "gnu++0x";
				CLANG_CXX_LIBRARY = "libc++";
				CLANG_ENABLE_MODULES = YES;
				CLANG_ENABLE_OBJC_ARC = YES;
				CLANG_WARN_BOOL_CONVERSION = YES;
				CLANG_WARN_CONSTANT_CONVERSION = YES;
				CLANG_WARN_DIRECT_OBJC_ISA_USAGE = YES_ERROR;
				CLANG_WARN_DOCUMENTATION_COMMENTS = YES;
				CLANG_WARN_EMPTY_BODY = YES;
				CLANG_WARN_ENUM_CONVERSION = YES;
				CLANG_WARN_INFINITE_RECURSION = YES;
				CLANG_WARN_INT_CONVERSION = YES;
				CLANG_WARN_OBJC_ROOT_CLASS = YES_ERROR;
				CLANG_WARN_SUSPICIOUS_MOVE = YES;
				CLANG_WARN_UNREACHABLE_CODE = YES;
				CLANG_WARN__DUPLICATE_METHOD_MATCH = YES;
				"CODE_SIGN_IDENTITY[sdk=iphoneos*]" = "iPhone Developer";
				COPY_PHASE_STRIP = NO;
				DEBUG_INFORMATION_FORMAT = "dwarf-with-dsym";
				ENABLE_NS_ASSERTIONS = NO;
				ENABLE_STRICT_OBJC_MSGSEND = YES;
				GCC_C_LANGUAGE_STANDARD = gnu99;
				GCC_NO_COMMON_BLOCKS = YES;
				GCC_WARN_64_TO_32_BIT_CONVERSION = YES;
				GCC_WARN_ABOUT_RETURN_TYPE = YES_ERROR;
				GCC_WARN_UNDECLARED_SELECTOR = YES;
				GCC_WARN_UNINITIALIZED_AUTOS = YES_AGGRESSIVE;
				GCC_WARN_UNUSED_FUNCTION = YES;
				GCC_WARN_UNUSED_VARIABLE = YES;
				IPHONEOS_DEPLOYMENT_TARGET = 10.2;
				MTL_ENABLE_DEBUG_INFO = NO;
				SDKROOT = iphoneos;
				SWIFT_OPTIMIZATION_LEVEL = "-Owholemodule";
				VALIDATE_PRODUCT = YES;
			};
			name = Release;
		};
		E3261A3F1E528D3F008E8F0B /* Debug */ = {
			isa = XCBuildConfiguration;
			buildSettings = {
				ALWAYS_EMBED_SWIFT_STANDARD_LIBRARIES = YES;
				ASSETCATALOG_COMPILER_APPICON_NAME = AppIcon;
				DEVELOPMENT_TEAM = GJG5Q5X4VR;
				INFOPLIST_FILE = "Custom Keyboard/Info.plist";
				LD_RUNPATH_SEARCH_PATHS = "$(inherited) @executable_path/Frameworks";
				PRODUCT_BUNDLE_IDENTIFIER = "com.leprechaunskydiving.Custom-Keyboard";
				PRODUCT_NAME = "$(TARGET_NAME)";
				SWIFT_VERSION = 3.0;
			};
			name = Debug;
		};
		E3261A401E528D3F008E8F0B /* Release */ = {
			isa = XCBuildConfiguration;
			buildSettings = {
				ALWAYS_EMBED_SWIFT_STANDARD_LIBRARIES = YES;
				ASSETCATALOG_COMPILER_APPICON_NAME = AppIcon;
				DEVELOPMENT_TEAM = GJG5Q5X4VR;
				INFOPLIST_FILE = "Custom Keyboard/Info.plist";
				LD_RUNPATH_SEARCH_PATHS = "$(inherited) @executable_path/Frameworks";
				PRODUCT_BUNDLE_IDENTIFIER = "com.leprechaunskydiving.Custom-Keyboard";
				PRODUCT_NAME = "$(TARGET_NAME)";
				SWIFT_VERSION = 3.0;
			};
			name = Release;
		};
		E3261A4E1E528D79008E8F0B /* Debug */ = {
			isa = XCBuildConfiguration;
			buildSettings = {
				DEVELOPMENT_TEAM = GJG5Q5X4VR;
				INFOPLIST_FILE = HodorBoard/Info.plist;
				LD_RUNPATH_SEARCH_PATHS = "$(inherited) @executable_path/Frameworks @executable_path/../../Frameworks";
				PRODUCT_BUNDLE_IDENTIFIER = "com.leprechaunskydiving.Custom-Keyboard.HodorBoard";
				PRODUCT_NAME = "$(TARGET_NAME)";
				SKIP_INSTALL = YES;
				SWIFT_VERSION = 3.0;
			};
			name = Debug;
		};
		E3261A4F1E528D79008E8F0B /* Release */ = {
			isa = XCBuildConfiguration;
			buildSettings = {
				DEVELOPMENT_TEAM = GJG5Q5X4VR;
				INFOPLIST_FILE = HodorBoard/Info.plist;
				LD_RUNPATH_SEARCH_PATHS = "$(inherited) @executable_path/Frameworks @executable_path/../../Frameworks";
				PRODUCT_BUNDLE_IDENTIFIER = "com.leprechaunskydiving.Custom-Keyboard.HodorBoard";
				PRODUCT_NAME = "$(TARGET_NAME)";
				SKIP_INSTALL = YES;
				SWIFT_VERSION = 3.0;
			};
			name = Release;
		};
/* End XCBuildConfiguration section */

/* Begin XCConfigurationList section */
		E3261A271E528D3C008E8F0B /* Build configuration list for PBXProject "Custom Keyboard" */ = {
			isa = XCConfigurationList;
			buildConfigurations = (
				E3261A3C1E528D3F008E8F0B /* Debug */,
				E3261A3D1E528D3F008E8F0B /* Release */,
			);
			defaultConfigurationIsVisible = 0;
			defaultConfigurationName = Release;
		};
		E3261A3E1E528D3F008E8F0B /* Build configuration list for PBXNativeTarget "Custom Keyboard" */ = {
			isa = XCConfigurationList;
			buildConfigurations = (
				E3261A3F1E528D3F008E8F0B /* Debug */,
				E3261A401E528D3F008E8F0B /* Release */,
			);
			defaultConfigurationIsVisible = 0;
		};
		E3261A4D1E528D79008E8F0B /* Build configuration list for PBXNativeTarget "HodorBoard" */ = {
			isa = XCConfigurationList;
			buildConfigurations = (
				E3261A4E1E528D79008E8F0B /* Debug */,
				E3261A4F1E528D79008E8F0B /* Release */,
			);
			defaultConfigurationIsVisible = 0;
		};
/* End XCConfigurationList section */
	};
	rootObject = E3261A241E528D3C008E8F0B /* Project object */;
}
