// !$*UTF8*$!
{
	archiveVersion = 1;
	classes = {
	};
	objectVersion = 46;
	objects = {

/* Begin PBXBuildFile section */
		E3CCAB5A1DEB929E00962626 /* AppDelegate.swift in Sources */ = {isa = PBXBuildFile; fileRef = E3CCAB591DEB929E00962626 /* AppDelegate.swift */; };
		E3CCAB5C1DEB929E00962626 /* ViewController.swift in Sources */ = {isa = PBXBuildFile; fileRef = E3CCAB5B1DEB929E00962626 /* ViewController.swift */; };
		E3CCAB5F1DEB929E00962626 /* Main.storyboard in Resources */ = {isa = PBXBuildFile; fileRef = E3CCAB5D1DEB929E00962626 /* Main.storyboard */; };
		E3CCAB611DEB929E00962626 /* Assets.xcassets in Resources */ = {isa = PBXBuildFile; fileRef = E3CCAB601DEB929E00962626 /* Assets.xcassets */; };
		E3CCAB641DEB929E00962626 /* LaunchScreen.storyboard in Resources */ = {isa = PBXBuildFile; fileRef = E3CCAB621DEB929E00962626 /* LaunchScreen.storyboard */; };
		E3CCAB6C1DEB92E900962626 /* cat.jpg in Resources */ = {isa = PBXBuildFile; fileRef = E3CCAB6B1DEB92E900962626 /* cat.jpg */; };
/* End PBXBuildFile section */

/* Begin PBXFileReference section */
		E3CCAB561DEB929E00962626 /* Cat Years.app */ = {isa = PBXFileReference; explicitFileType = wrapper.application; includeInIndex = 0; path = "Cat Years.app"; sourceTree = BUILT_PRODUCTS_DIR; };
		E3CCAB591DEB929E00962626 /* AppDelegate.swift */ = {isa = PBXFileReference; lastKnownFileType = sourcecode.swift; path = AppDelegate.swift; sourceTree = "<group>"; };
		E3CCAB5B1DEB929E00962626 /* ViewController.swift */ = {isa = PBXFileReference; lastKnownFileType = sourcecode.swift; path = ViewController.swift; sourceTree = "<group>"; };
		E3CCAB5E1DEB929E00962626 /* Base */ = {isa = PBXFileReference; lastKnownFileType = file.storyboard; name = Base; path = Base.lproj/Main.storyboard; sourceTree = "<group>"; };
		E3CCAB601DEB929E00962626 /* Assets.xcassets */ = {isa = PBXFileReference; lastKnownFileType = folder.assetcatalog; path = Assets.xcassets; sourceTree = "<group>"; };
		E3CCAB631DEB929E00962626 /* Base */ = {isa = PBXFileReference; lastKnownFileType = file.storyboard; name = Base; path = Base.lproj/LaunchScreen.storyboard; sourceTree = "<group>"; };
		E3CCAB651DEB929E00962626 /* Info.plist */ = {isa = PBXFileReference; lastKnownFileType = text.plist.xml; path = Info.plist; sourceTree = "<group>"; };
		E3CCAB6B1DEB92E900962626 /* cat.jpg */ = {isa = PBXFileReference; lastKnownFileType = image.jpeg; path = cat.jpg; sourceTree = "<group>"; };
/* End PBXFileReference section */

/* Begin PBXFrameworksBuildPhase section */
		E3CCAB531DEB929E00962626 /* Frameworks */ = {
			isa = PBXFrameworksBuildPhase;
			buildActionMask = 2147483647;
			files = (
			);
			runOnlyForDeploymentPostprocessing = 0;
		};
/* End PBXFrameworksBuildPhase section */

/* Begin PBXGroup section */
		E3CCAB4D1DEB929E00962626 = {
			isa = PBXGroup;
			children = (
				E3CCAB581DEB929E00962626 /* Cat Years */,
				E3CCAB571DEB929E00962626 /* Products */,
			);
			sourceTree = "<group>";
		};
		E3CCAB571DEB929E00962626 /* Products */ = {
			isa = PBXGroup;
			children = (
				E3CCAB561DEB929E00962626 /* Cat Years.app */,
			);
			name = Products;
			sourceTree = "<group>";
		};
		E3CCAB581DEB929E00962626 /* Cat Years */ = {
			isa = PBXGroup;
			children = (
				E3CCAB591DEB929E00962626 /* AppDelegate.swift */,
				E3CCAB5B1DEB929E00962626 /* ViewController.swift */,
				E3CCAB5D1DEB929E00962626 /* Main.storyboard */,
				E3CCAB6B1DEB92E900962626 /* cat.jpg */,
				E3CCAB601DEB929E00962626 /* Assets.xcassets */,
				E3CCAB621DEB929E00962626 /* LaunchScreen.storyboard */,
				E3CCAB651DEB929E00962626 /* Info.plist */,
			);
			path = "Cat Years";
			sourceTree = "<group>";
		};
/* End PBXGroup section */

/* Begin PBXNativeTarget section */
		E3CCAB551DEB929E00962626 /* Cat Years */ = {
			isa = PBXNativeTarget;
			buildConfigurationList = E3CCAB681DEB929E00962626 /* Build configuration list for PBXNativeTarget "Cat Years" */;
			buildPhases = (
				E3CCAB521DEB929E00962626 /* Sources */,
				E3CCAB531DEB929E00962626 /* Frameworks */,
				E3CCAB541DEB929E00962626 /* Resources */,
			);
			buildRules = (
			);
			dependencies = (
			);
			name = "Cat Years";
			productName = "Cat Years";
			productReference = E3CCAB561DEB929E00962626 /* Cat Years.app */;
			productType = "com.apple.product-type.application";
		};
/* End PBXNativeTarget section */

/* Begin PBXProject section */
		E3CCAB4E1DEB929E00962626 /* Project object */ = {
			isa = PBXProject;
			attributes = {
				LastSwiftUpdateCheck = 0810;
				LastUpgradeCheck = 0810;
				ORGANIZATIONNAME = "Leprechaun Skydiving";
				TargetAttributes = {
					E3CCAB551DEB929E00962626 = {
						CreatedOnToolsVersion = 8.1;
						ProvisioningStyle = Automatic;
					};
				};
			};
			buildConfigurationList = E3CCAB511DEB929E00962626 /* Build configuration list for PBXProject "Cat Years" */;
			compatibilityVersion = "Xcode 3.2";
			developmentRegion = English;
			hasScannedForEncodings = 0;
			knownRegions = (
				en,
				Base,
			);
			mainGroup = E3CCAB4D1DEB929E00962626;
			productRefGroup = E3CCAB571DEB929E00962626 /* Products */;
			projectDirPath = "";
			projectRoot = "";
			targets = (
				E3CCAB551DEB929E00962626 /* Cat Years */,
			);
		};
/* End PBXProject section */

/* Begin PBXResourcesBuildPhase section */
		E3CCAB541DEB929E00962626 /* Resources */ = {
			isa = PBXResourcesBuildPhase;
			buildActionMask = 2147483647;
			files = (
				E3CCAB641DEB929E00962626 /* LaunchScreen.storyboard in Resources */,
				E3CCAB611DEB929E00962626 /* Assets.xcassets in Resources */,
				E3CCAB6C1DEB92E900962626 /* cat.jpg in Resources */,
				E3CCAB5F1DEB929E00962626 /* Main.storyboard in Resources */,
			);
			runOnlyForDeploymentPostprocessing = 0;
		};
/* End PBXResourcesBuildPhase section */

/* Begin PBXSourcesBuildPhase section */
		E3CCAB521DEB929E00962626 /* Sources */ = {
			isa = PBXSourcesBuildPhase;
			buildActionMask = 2147483647;
			files = (
				E3CCAB5C1DEB929E00962626 /* ViewController.swift in Sources */,
				E3CCAB5A1DEB929E00962626 /* AppDelegate.swift in Sources */,
			);
			runOnlyForDeploymentPostprocessing = 0;
		};
/* End PBXSourcesBuildPhase section */

/* Begin PBXVariantGroup section */
		E3CCAB5D1DEB929E00962626 /* Main.storyboard */ = {
			isa = PBXVariantGroup;
			children = (
				E3CCAB5E1DEB929E00962626 /* Base */,
			);
			name = Main.storyboard;
			sourceTree = "<group>";
		};
		E3CCAB621DEB929E00962626 /* LaunchScreen.storyboard */ = {
			isa = PBXVariantGroup;
			children = (
				E3CCAB631DEB929E00962626 /* Base */,
			);
			name = LaunchScreen.storyboard;
			sourceTree = "<group>";
		};
/* End PBXVariantGroup section */

/* Begin XCBuildConfiguration section */
		E3CCAB661DEB929E00962626 /* Debug */ = {
			isa = XCBuildConfiguration;
			buildSettings = {
				ALWAYS_SEARCH_USER_PATHS = NO;
				CLANG_ANALYZER_NONNULL = YES;
				CLANG_CXX_LANGUAGE_STANDARD = "gnu++0x";
				CLANG_CXX_LIBRARY = "libc++";
				CLANG_ENABLE_MODULES = YES;
				CLANG_ENABLE_OBJC_ARC = YES;
				CLANG_WARN_BOOL_CONVERSION = YES;
				CLANG_WARN_CONSTANT_CONVERSION = YES;
				CLANG_WARN_DIRECT_OBJC_ISA_USAGE = YES_ERROR;
				CLANG_WARN_DOCUMENTATION_COMMENTS = YES;
				CLANG_WARN_EMPTY_BODY = YES;
				CLANG_WARN_ENUM_CONVERSION = YES;
				CLANG_WARN_INFINITE_RECURSION = YES;
				CLANG_WARN_INT_CONVERSION = YES;
				CLANG_WARN_OBJC_ROOT_CLASS = YES_ERROR;
				CLANG_WARN_SUSPICIOUS_MOVES = YES;
				CLANG_WARN_UNREACHABLE_CODE = YES;
				CLANG_WARN__DUPLICATE_METHOD_MATCH = YES;
				"CODE_SIGN_IDENTITY[sdk=iphoneos*]" = "iPhone Developer";
				COPY_PHASE_STRIP = NO;
				DEBUG_INFORMATION_FORMAT = dwarf;
				ENABLE_STRICT_OBJC_MSGSEND = YES;
				ENABLE_TESTABILITY = YES;
				GCC_C_LANGUAGE_STANDARD = gnu99;
				GCC_DYNAMIC_NO_PIC = NO;
				GCC_NO_COMMON_BLOCKS = YES;
				GCC_OPTIMIZATION_LEVEL = 0;
				GCC_PREPROCESSOR_DEFINITIONS = (
					"DEBUG=1",
					"$(inherited)",
				);
				GCC_WARN_64_TO_32_BIT_CONVERSION = YES;
				GCC_WARN_ABOUT_RETURN_TYPE = YES_ERROR;
				GCC_WARN_UNDECLARED_SELECTOR = YES;
				GCC_WARN_UNINITIALIZED_AUTOS = YES_AGGRESSIVE;
				GCC_WARN_UNUSED_FUNCTION = YES;
				GCC_WARN_UNUSED_VARIABLE = YES;
				IPHONEOS_DEPLOYMENT_TARGET = 10.1;
				MTL_ENABLE_DEBUG_INFO = YES;
				ONLY_ACTIVE_ARCH = YES;
				SDKROOT = iphoneos;
				SWIFT_ACTIVE_COMPILATION_CONDITIONS = DEBUG;
				SWIFT_OPTIMIZATION_LEVEL = "-Onone";
			};
			name = Debug;
		};
		E3CCAB671DEB929E00962626 /* Release */ = {
			isa = XCBuildConfiguration;
			buildSettings = {
				ALWAYS_SEARCH_USER_PATHS = NO;
				CLANG_ANALYZER_NONNULL = YES;
				CLANG_CXX_LANGUAGE_STANDARD = "gnu++0x";
				CLANG_CXX_LIBRARY = "libc++";
				CLANG_ENABLE_MODULES = YES;
				CLANG_ENABLE_OBJC_ARC = YES;
				CLANG_WARN_BOOL_CONVERSION = YES;
				CLANG_WARN_CONSTANT_CONVERSION = YES;
				CLANG_WARN_DIRECT_OBJC_ISA_USAGE = YES_ERROR;
				CLANG_WARN_DOCUMENTATION_COMMENTS = YES;
				CLANG_WARN_EMPTY_BODY = YES;
				CLANG_WARN_ENUM_CONVERSION = YES;
				CLANG_WARN_INFINITE_RECURSION = YES;
				CLANG_WARN_INT_CONVERSION = YES;
				CLANG_WARN_OBJC_ROOT_CLASS = YES_ERROR;
				CLANG_WARN_SUSPICIOUS_MOVES = YES;
				CLANG_WARN_UNREACHABLE_CODE = YES;
				CLANG_WARN__DUPLICATE_METHOD_MATCH = YES;
				"CODE_SIGN_IDENTITY[sdk=iphoneos*]" = "iPhone Developer";
				COPY_PHASE_STRIP = NO;
				DEBUG_INFORMATION_FORMAT = "dwarf-with-dsym";
				ENABLE_NS_ASSERTIONS = NO;
				ENABLE_STRICT_OBJC_MSGSEND = YES;
				GCC_C_LANGUAGE_STANDARD = gnu99;
				GCC_NO_COMMON_BLOCKS = YES;
				GCC_WARN_64_TO_32_BIT_CONVERSION = YES;
				GCC_WARN_ABOUT_RETURN_TYPE = YES_ERROR;
				GCC_WARN_UNDECLARED_SELECTOR = YES;
				GCC_WARN_UNINITIALIZED_AUTOS = YES_AGGRESSIVE;
				GCC_WARN_UNUSED_FUNCTION = YES;
				GCC_WARN_UNUSED_VARIABLE = YES;
				IPHONEOS_DEPLOYMENT_TARGET = 10.1;
				MTL_ENABLE_DEBUG_INFO = NO;
				SDKROOT = iphoneos;
				SWIFT_OPTIMIZATION_LEVEL = "-Owholemodule";
				VALIDATE_PRODUCT = YES;
			};
			name = Release;
		};
		E3CCAB691DEB929E00962626 /* Debug */ = {
			isa = XCBuildConfiguration;
			buildSettings = {
				ASSETCATALOG_COMPILER_APPICON_NAME = AppIcon;
				INFOPLIST_FILE = "Cat Years/Info.plist";
				LD_RUNPATH_SEARCH_PATHS = "$(inherited) @executable_path/Frameworks";
				PRODUCT_BUNDLE_IDENTIFIER = "com.leprechaunskydiving.Cat-Years";
				PRODUCT_NAME = "$(TARGET_NAME)";
				SWIFT_VERSION = 3.0;
			};
			name = Debug;
		};
		E3CCAB6A1DEB929E00962626 /* Release */ = {
			isa = XCBuildConfiguration;
			buildSettings = {
				ASSETCATALOG_COMPILER_APPICON_NAME = AppIcon;
				INFOPLIST_FILE = "Cat Years/Info.plist";
				LD_RUNPATH_SEARCH_PATHS = "$(inherited) @executable_path/Frameworks";
				PRODUCT_BUNDLE_IDENTIFIER = "com.leprechaunskydiving.Cat-Years";
				PRODUCT_NAME = "$(TARGET_NAME)";
				SWIFT_VERSION = 3.0;
			};
			name = Release;
		};
/* End XCBuildConfiguration section */

/* Begin XCConfigurationList section */
		E3CCAB511DEB929E00962626 /* Build configuration list for PBXProject "Cat Years" */ = {
			isa = XCConfigurationList;
			buildConfigurations = (
				E3CCAB661DEB929E00962626 /* Debug */,
				E3CCAB671DEB929E00962626 /* Release */,
			);
			defaultConfigurationIsVisible = 0;
			defaultConfigurationName = Release;
		};
		E3CCAB681DEB929E00962626 /* Build configuration list for PBXNativeTarget "Cat Years" */ = {
			isa = XCConfigurationList;
			buildConfigurations = (
				E3CCAB691DEB929E00962626 /* Debug */,
				E3CCAB6A1DEB929E00962626 /* Release */,
			);
			defaultConfigurationIsVisible = 0;
		};
/* End XCConfigurationList section */
	};
	rootObject = E3CCAB4E1DEB929E00962626 /* Project object */;
}
