// !$*UTF8*$!
{
	archiveVersion = 1;
	classes = {
	};
	objectVersion = 46;
	objects = {

/* Begin PBXBuildFile section */
		E340B3F41E29A79C00BB9142 /* AppDelegate.swift in Sources */ = {isa = PBXBuildFile; fileRef = E340B3F31E29A79C00BB9142 /* AppDelegate.swift */; };
		E340B3F71E29A79D00BB9142 /* Blog_Reader.xcdatamodeld in Sources */ = {isa = PBXBuildFile; fileRef = E340B3F51E29A79D00BB9142 /* Blog_Reader.xcdatamodeld */; };
		E340B3F91E29A79D00BB9142 /* MasterViewController.swift in Sources */ = {isa = PBXBuildFile; fileRef = E340B3F81E29A79D00BB9142 /* MasterViewController.swift */; };
		E340B3FB1E29A79D00BB9142 /* DetailViewController.swift in Sources */ = {isa = PBXBuildFile; fileRef = E340B3FA1E29A79D00BB9142 /* DetailViewController.swift */; };
		E340B3FE1E29A79D00BB9142 /* Main.storyboard in Resources */ = {isa = PBXBuildFile; fileRef = E340B3FC1E29A79D00BB9142 /* Main.storyboard */; };
		E340B4001E29A79D00BB9142 /* Assets.xcassets in Resources */ = {isa = PBXBuildFile; fileRef = E340B3FF1E29A79D00BB9142 /* Assets.xcassets */; };
		E340B4031E29A79D00BB9142 /* LaunchScreen.storyboard in Resources */ = {isa = PBXBuildFile; fileRef = E340B4011E29A79D00BB9142 /* LaunchScreen.storyboard */; };
/* End PBXBuildFile section */

/* Begin PBXFileReference section */
		E340B3F01E29A79C00BB9142 /* Blog Reader.app */ = {isa = PBXFileReference; explicitFileType = wrapper.application; includeInIndex = 0; path = "Blog Reader.app"; sourceTree = BUILT_PRODUCTS_DIR; };
		E340B3F31E29A79C00BB9142 /* AppDelegate.swift */ = {isa = PBXFileReference; lastKnownFileType = sourcecode.swift; path = AppDelegate.swift; sourceTree = "<group>"; };
		E340B3F61E29A79D00BB9142 /* Blog_Reader.xcdatamodel */ = {isa = PBXFileReference; lastKnownFileType = wrapper.xcdatamodel; path = Blog_Reader.xcdatamodel; sourceTree = "<group>"; };
		E340B3F81E29A79D00BB9142 /* MasterViewController.swift */ = {isa = PBXFileReference; lastKnownFileType = sourcecode.swift; path = MasterViewController.swift; sourceTree = "<group>"; };
		E340B3FA1E29A79D00BB9142 /* DetailViewController.swift */ = {isa = PBXFileReference; lastKnownFileType = sourcecode.swift; path = DetailViewController.swift; sourceTree = "<group>"; };
		E340B3FD1E29A79D00BB9142 /* Base */ = {isa = PBXFileReference; lastKnownFileType = file.storyboard; name = Base; path = Base.lproj/Main.storyboard; sourceTree = "<group>"; };
		E340B3FF1E29A79D00BB9142 /* Assets.xcassets */ = {isa = PBXFileReference; lastKnownFileType = folder.assetcatalog; path = Assets.xcassets; sourceTree = "<group>"; };
		E340B4021E29A79D00BB9142 /* Base */ = {isa = PBXFileReference; lastKnownFileType = file.storyboard; name = Base; path = Base.lproj/LaunchScreen.storyboard; sourceTree = "<group>"; };
		E340B4041E29A79D00BB9142 /* Info.plist */ = {isa = PBXFileReference; lastKnownFileType = text.plist.xml; path = Info.plist; sourceTree = "<group>"; };
/* End PBXFileReference section */

/* Begin PBXFrameworksBuildPhase section */
		E340B3ED1E29A79C00BB9142 /* Frameworks */ = {
			isa = PBXFrameworksBuildPhase;
			buildActionMask = 2147483647;
			files = (
			);
			runOnlyForDeploymentPostprocessing = 0;
		};
/* End PBXFrameworksBuildPhase section */

/* Begin PBXGroup section */
		E340B3E71E29A79C00BB9142 = {
			isa = PBXGroup;
			children = (
				E340B3F21E29A79C00BB9142 /* Blog Reader */,
				E340B3F11E29A79C00BB9142 /* Products */,
			);
			sourceTree = "<group>";
		};
		E340B3F11E29A79C00BB9142 /* Products */ = {
			isa = PBXGroup;
			children = (
				E340B3F01E29A79C00BB9142 /* Blog Reader.app */,
			);
			name = Products;
			sourceTree = "<group>";
		};
		E340B3F21E29A79C00BB9142 /* Blog Reader */ = {
			isa = PBXGroup;
			children = (
				E340B3F31E29A79C00BB9142 /* AppDelegate.swift */,
				E340B3F81E29A79D00BB9142 /* MasterViewController.swift */,
				E340B3FA1E29A79D00BB9142 /* DetailViewController.swift */,
				E340B3FC1E29A79D00BB9142 /* Main.storyboard */,
				E340B3FF1E29A79D00BB9142 /* Assets.xcassets */,
				E340B4011E29A79D00BB9142 /* LaunchScreen.storyboard */,
				E340B4041E29A79D00BB9142 /* Info.plist */,
				E340B3F51E29A79D00BB9142 /* Blog_Reader.xcdatamodeld */,
			);
			path = "Blog Reader";
			sourceTree = "<group>";
		};
/* End PBXGroup section */

/* Begin PBXNativeTarget section */
		E340B3EF1E29A79C00BB9142 /* Blog Reader */ = {
			isa = PBXNativeTarget;
			buildConfigurationList = E340B4071E29A79D00BB9142 /* Build configuration list for PBXNativeTarget "Blog Reader" */;
			buildPhases = (
				E340B3EC1E29A79C00BB9142 /* Sources */,
				E340B3ED1E29A79C00BB9142 /* Frameworks */,
				E340B3EE1E29A79C00BB9142 /* Resources */,
			);
			buildRules = (
			);
			dependencies = (
			);
			name = "Blog Reader";
			productName = "Blog Reader";
			productReference = E340B3F01E29A79C00BB9142 /* Blog Reader.app */;
			productType = "com.apple.product-type.application";
		};
/* End PBXNativeTarget section */

/* Begin PBXProject section */
		E340B3E81E29A79C00BB9142 /* Project object */ = {
			isa = PBXProject;
			attributes = {
				LastSwiftUpdateCheck = 0820;
				LastUpgradeCheck = 0820;
				ORGANIZATIONNAME = "Leprechaun Skydiving";
				TargetAttributes = {
					E340B3EF1E29A79C00BB9142 = {
						CreatedOnToolsVersion = 8.2.1;
						DevelopmentTeam = GJG5Q5X4VR;
						ProvisioningStyle = Automatic;
					};
				};
			};
			buildConfigurationList = E340B3EB1E29A79C00BB9142 /* Build configuration list for PBXProject "Blog Reader" */;
			compatibilityVersion = "Xcode 3.2";
			developmentRegion = English;
			hasScannedForEncodings = 0;
			knownRegions = (
				en,
				Base,
			);
			mainGroup = E340B3E71E29A79C00BB9142;
			productRefGroup = E340B3F11E29A79C00BB9142 /* Products */;
			projectDirPath = "";
			projectRoot = "";
			targets = (
				E340B3EF1E29A79C00BB9142 /* Blog Reader */,
			);
		};
/* End PBXProject section */

/* Begin PBXResourcesBuildPhase section */
		E340B3EE1E29A79C00BB9142 /* Resources */ = {
			isa = PBXResourcesBuildPhase;
			buildActionMask = 2147483647;
			files = (
				E340B4031E29A79D00BB9142 /* LaunchScreen.storyboard in Resources */,
				E340B4001E29A79D00BB9142 /* Assets.xcassets in Resources */,
				E340B3FE1E29A79D00BB9142 /* Main.storyboard in Resources */,
			);
			runOnlyForDeploymentPostprocessing = 0;
		};
/* End PBXResourcesBuildPhase section */

/* Begin PBXSourcesBuildPhase section */
		E340B3EC1E29A79C00BB9142 /* Sources */ = {
			isa = PBXSourcesBuildPhase;
			buildActionMask = 2147483647;
			files = (
				E340B3F71E29A79D00BB9142 /* Blog_Reader.xcdatamodeld in Sources */,
				E340B3F41E29A79C00BB9142 /* AppDelegate.swift in Sources */,
				E340B3F91E29A79D00BB9142 /* MasterViewController.swift in Sources */,
				E340B3FB1E29A79D00BB9142 /* DetailViewController.swift in Sources */,
			);
			runOnlyForDeploymentPostprocessing = 0;
		};
/* End PBXSourcesBuildPhase section */

/* Begin PBXVariantGroup section */
		E340B3FC1E29A79D00BB9142 /* Main.storyboard */ = {
			isa = PBXVariantGroup;
			children = (
				E340B3FD1E29A79D00BB9142 /* Base */,
			);
			name = Main.storyboard;
			sourceTree = "<group>";
		};
		E340B4011E29A79D00BB9142 /* LaunchScreen.storyboard */ = {
			isa = PBXVariantGroup;
			children = (
				E340B4021E29A79D00BB9142 /* Base */,
			);
			name = LaunchScreen.storyboard;
			sourceTree = "<group>";
		};
/* End PBXVariantGroup section */

/* Begin XCBuildConfiguration section */
		E340B4051E29A79D00BB9142 /* Debug */ = {
			isa = XCBuildConfiguration;
			buildSettings = {
				ALWAYS_SEARCH_USER_PATHS = NO;
				CLANG_ANALYZER_NONNULL = YES;
				CLANG_CXX_LANGUAGE_STANDARD = "gnu++0x";
				CLANG_CXX_LIBRARY = "libc++";
				CLANG_ENABLE_MODULES = YES;
				CLANG_ENABLE_OBJC_ARC = YES;
				CLANG_WARN_BOOL_CONVERSION = YES;
				CLANG_WARN_CONSTANT_CONVERSION = YES;
				CLANG_WARN_DIRECT_OBJC_ISA_USAGE = YES_ERROR;
				CLANG_WARN_DOCUMENTATION_COMMENTS = YES;
				CLANG_WARN_EMPTY_BODY = YES;
				CLANG_WARN_ENUM_CONVERSION = YES;
				CLANG_WARN_INFINITE_RECURSION = YES;
				CLANG_WARN_INT_CONVERSION = YES;
				CLANG_WARN_OBJC_ROOT_CLASS = YES_ERROR;
				CLANG_WARN_SUSPICIOUS_MOVE = YES;
				CLANG_WARN_UNREACHABLE_CODE = YES;
				CLANG_WARN__DUPLICATE_METHOD_MATCH = YES;
				"CODE_SIGN_IDENTITY[sdk=iphoneos*]" = "iPhone Developer";
				COPY_PHASE_STRIP = NO;
				DEBUG_INFORMATION_FORMAT = dwarf;
				ENABLE_STRICT_OBJC_MSGSEND = YES;
				ENABLE_TESTABILITY = YES;
				GCC_C_LANGUAGE_STANDARD = gnu99;
				GCC_DYNAMIC_NO_PIC = NO;
				GCC_NO_COMMON_BLOCKS = YES;
				GCC_OPTIMIZATION_LEVEL = 0;
				GCC_PREPROCESSOR_DEFINITIONS = (
					"DEBUG=1",
					"$(inherited)",
				);
				GCC_WARN_64_TO_32_BIT_CONVERSION = YES;
				GCC_WARN_ABOUT_RETURN_TYPE = YES_ERROR;
				GCC_WARN_UNDECLARED_SELECTOR = YES;
				GCC_WARN_UNINITIALIZED_AUTOS = YES_AGGRESSIVE;
				GCC_WARN_UNUSED_FUNCTION = YES;
				GCC_WARN_UNUSED_VARIABLE = YES;
				IPHONEOS_DEPLOYMENT_TARGET = 10.2;
				MTL_ENABLE_DEBUG_INFO = YES;
				ONLY_ACTIVE_ARCH = YES;
				SDKROOT = iphoneos;
				SWIFT_ACTIVE_COMPILATION_CONDITIONS = DEBUG;
				SWIFT_OPTIMIZATION_LEVEL = "-Onone";
			};
			name = Debug;
		};
		E340B4061E29A79D00BB9142 /* Release */ = {
			isa = XCBuildConfiguration;
			buildSettings = {
				ALWAYS_SEARCH_USER_PATHS = NO;
				CLANG_ANALYZER_NONNULL = YES;
				CLANG_CXX_LANGUAGE_STANDARD = "gnu++0x";
				CLANG_CXX_LIBRARY = "libc++";
				CLANG_ENABLE_MODULES = YES;
				CLANG_ENABLE_OBJC_ARC = YES;
				CLANG_WARN_BOOL_CONVERSION = YES;
				CLANG_WARN_CONSTANT_CONVERSION = YES;
				CLANG_WARN_DIRECT_OBJC_ISA_USAGE = YES_ERROR;
				CLANG_WARN_DOCUMENTATION_COMMENTS = YES;
				CLANG_WARN_EMPTY_BODY = YES;
				CLANG_WARN_ENUM_CONVERSION = YES;
				CLANG_WARN_INFINITE_RECURSION = YES;
				CLANG_WARN_INT_CONVERSION = YES;
				CLANG_WARN_OBJC_ROOT_CLASS = YES_ERROR;
				CLANG_WARN_SUSPICIOUS_MOVE = YES;
				CLANG_WARN_UNREACHABLE_CODE = YES;
				CLANG_WARN__DUPLICATE_METHOD_MATCH = YES;
				"CODE_SIGN_IDENTITY[sdk=iphoneos*]" = "iPhone Developer";
				COPY_PHASE_STRIP = NO;
				DEBUG_INFORMATION_FORMAT = "dwarf-with-dsym";
				ENABLE_NS_ASSERTIONS = NO;
				ENABLE_STRICT_OBJC_MSGSEND = YES;
				GCC_C_LANGUAGE_STANDARD = gnu99;
				GCC_NO_COMMON_BLOCKS = YES;
				GCC_WARN_64_TO_32_BIT_CONVERSION = YES;
				GCC_WARN_ABOUT_RETURN_TYPE = YES_ERROR;
				GCC_WARN_UNDECLARED_SELECTOR = YES;
				GCC_WARN_UNINITIALIZED_AUTOS = YES_AGGRESSIVE;
				GCC_WARN_UNUSED_FUNCTION = YES;
				GCC_WARN_UNUSED_VARIABLE = YES;
				IPHONEOS_DEPLOYMENT_TARGET = 10.2;
				MTL_ENABLE_DEBUG_INFO = NO;
				SDKROOT = iphoneos;
				SWIFT_OPTIMIZATION_LEVEL = "-Owholemodule";
				VALIDATE_PRODUCT = YES;
			};
			name = Release;
		};
		E340B4081E29A79D00BB9142 /* Debug */ = {
			isa = XCBuildConfiguration;
			buildSettings = {
				ASSETCATALOG_COMPILER_APPICON_NAME = AppIcon;
				DEVELOPMENT_TEAM = GJG5Q5X4VR;
				INFOPLIST_FILE = "Blog Reader/Info.plist";
				LD_RUNPATH_SEARCH_PATHS = "$(inherited) @executable_path/Frameworks";
				PRODUCT_BUNDLE_IDENTIFIER = "com.leprechaunskydiving.Blog-Reader";
				PRODUCT_NAME = "$(TARGET_NAME)";
				SWIFT_VERSION = 3.0;
			};
			name = Debug;
		};
		E340B4091E29A79D00BB9142 /* Release */ = {
			isa = XCBuildConfiguration;
			buildSettings = {
				ASSETCATALOG_COMPILER_APPICON_NAME = AppIcon;
				DEVELOPMENT_TEAM = GJG5Q5X4VR;
				INFOPLIST_FILE = "Blog Reader/Info.plist";
				LD_RUNPATH_SEARCH_PATHS = "$(inherited) @executable_path/Frameworks";
				PRODUCT_BUNDLE_IDENTIFIER = "com.leprechaunskydiving.Blog-Reader";
				PRODUCT_NAME = "$(TARGET_NAME)";
				SWIFT_VERSION = 3.0;
			};
			name = Release;
		};
/* End XCBuildConfiguration section */

/* Begin XCConfigurationList section */
		E340B3EB1E29A79C00BB9142 /* Build configuration list for PBXProject "Blog Reader" */ = {
			isa = XCConfigurationList;
			buildConfigurations = (
				E340B4051E29A79D00BB9142 /* Debug */,
				E340B4061E29A79D00BB9142 /* Release */,
			);
			defaultConfigurationIsVisible = 0;
			defaultConfigurationName = Release;
		};
		E340B4071E29A79D00BB9142 /* Build configuration list for PBXNativeTarget "Blog Reader" */ = {
			isa = XCConfigurationList;
			buildConfigurations = (
				E340B4081E29A79D00BB9142 /* Debug */,
				E340B4091E29A79D00BB9142 /* Release */,
			);
			defaultConfigurationIsVisible = 0;
		};
/* End XCConfigurationList section */

/* Begin XCVersionGroup section */
		E340B3F51E29A79D00BB9142 /* Blog_Reader.xcdatamodeld */ = {
			isa = XCVersionGroup;
			children = (
				E340B3F61E29A79D00BB9142 /* Blog_Reader.xcdatamodel */,
			);
			currentVersion = E340B3F61E29A79D00BB9142 /* Blog_Reader.xcdatamodel */;
			path = Blog_Reader.xcdatamodeld;
			sourceTree = "<group>";
			versionGroupType = wrapper.xcdatamodel;
		};
/* End XCVersionGroup section */
	};
	rootObject = E340B3E81E29A79C00BB9142 /* Project object */;
}
